// !$*UTF8*$!
{
	archiveVersion = 1;
	classes = {
	};
	objectVersion = 46;
	objects = {

/* Begin PBXBuildFile section */
		18446C191B413BB90040AF01 /* Subject.storyboard in Resources */ = {isa = PBXBuildFile; fileRef = 18446C181B413BB90040AF01 /* Subject.storyboard */; };
		18446C1C1B413C2E0040AF01 /* BDBSubjectViewController.m in Sources */ = {isa = PBXBuildFile; fileRef = 18446C1B1B413C2E0040AF01 /* BDBSubjectViewController.m */; };
		18446C291B413C6D0040AF01 /* BDBButtonForSift.m in Sources */ = {isa = PBXBuildFile; fileRef = 18446C1E1B413C6D0040AF01 /* BDBButtonForSift.m */; };
		18446C2A1B413C6D0040AF01 /* BDBTableViewCell_Sift.m in Sources */ = {isa = PBXBuildFile; fileRef = 18446C201B413C6D0040AF01 /* BDBTableViewCell_Sift.m */; };
		18446C2B1B413C6D0040AF01 /* BDBTableViewCell_Sift.xib in Resources */ = {isa = PBXBuildFile; fileRef = 18446C211B413C6D0040AF01 /* BDBTableViewCell_Sift.xib */; };
		18446C2C1B413C6D0040AF01 /* BDBTableViewCell.m in Sources */ = {isa = PBXBuildFile; fileRef = 18446C231B413C6D0040AF01 /* BDBTableViewCell.m */; };
		18446C2D1B413C6D0040AF01 /* BDBTableViewCell.xib in Resources */ = {isa = PBXBuildFile; fileRef = 18446C241B413C6D0040AF01 /* BDBTableViewCell.xib */; };
		18446C2E1B413C6D0040AF01 /* MOProgressView.m in Sources */ = {isa = PBXBuildFile; fileRef = 18446C261B413C6D0040AF01 /* MOProgressView.m */; };
		18446C2F1B413C6D0040AF01 /* BDBButtonForTopView.m in Sources */ = {isa = PBXBuildFile; fileRef = 18446C281B413C6D0040AF01 /* BDBButtonForTopView.m */; };
		18446C361B413C860040AF01 /* BDBSiftButtonInfoModel.m in Sources */ = {isa = PBXBuildFile; fileRef = 18446C311B413C860040AF01 /* BDBSiftButtonInfoModel.m */; };
		18446C371B413C860040AF01 /* BDBSujectRespondModel.m in Sources */ = {isa = PBXBuildFile; fileRef = 18446C331B413C860040AF01 /* BDBSujectRespondModel.m */; };
		18446C381B413C860040AF01 /* BDBSujectModel.m in Sources */ = {isa = PBXBuildFile; fileRef = 18446C341B413C860040AF01 /* BDBSujectModel.m */; };
		18446C3A1B413D0F0040AF01 /* siftButtons.plist in Resources */ = {isa = PBXBuildFile; fileRef = 18446C391B413D0F0040AF01 /* siftButtons.plist */; };
		D80895B01B25C2E500A7B1A4 /* FLAnimatedImage.m in Sources */ = {isa = PBXBuildFile; fileRef = D80895AD1B25C2E500A7B1A4 /* FLAnimatedImage.m */; };
		D80895B11B25C2E500A7B1A4 /* FLAnimatedImageView.m in Sources */ = {isa = PBXBuildFile; fileRef = D80895AF1B25C2E500A7B1A4 /* FLAnimatedImageView.m */; };
		D813EDE31B2FC3E400606D60 /* BDBFeatureViewController.m in Sources */ = {isa = PBXBuildFile; fileRef = D813EDE21B2FC3E400606D60 /* BDBFeatureViewController.m */; };
		D813EDE71B2FF49E00606D60 /* Feature.storyboard in Resources */ = {isa = PBXBuildFile; fileRef = D813EDE61B2FF49E00606D60 /* Feature.storyboard */; };
		D81FB3161B3CF3200063AFC6 /* global_refreshdata_icon.gif in Resources */ = {isa = PBXBuildFile; fileRef = D81FB3151B3CF3200063AFC6 /* global_refreshdata_icon.gif */; };
		D81FB3441B3CF5CA0063AFC6 /* MJRefreshAutoFooter.m in Sources */ = {isa = PBXBuildFile; fileRef = D81FB31A1B3CF5CA0063AFC6 /* MJRefreshAutoFooter.m */; };
		D81FB3451B3CF5CA0063AFC6 /* MJRefreshBackFooter.m in Sources */ = {isa = PBXBuildFile; fileRef = D81FB31C1B3CF5CA0063AFC6 /* MJRefreshBackFooter.m */; };
		D81FB3461B3CF5CA0063AFC6 /* MJRefreshComponent.m in Sources */ = {isa = PBXBuildFile; fileRef = D81FB31E1B3CF5CA0063AFC6 /* MJRefreshComponent.m */; };
		D81FB3471B3CF5CA0063AFC6 /* MJRefreshFooter.m in Sources */ = {isa = PBXBuildFile; fileRef = D81FB3201B3CF5CA0063AFC6 /* MJRefreshFooter.m */; };
		D81FB3481B3CF5CA0063AFC6 /* MJRefreshHeader.m in Sources */ = {isa = PBXBuildFile; fileRef = D81FB3221B3CF5CA0063AFC6 /* MJRefreshHeader.m */; };
		D81FB3491B3CF5CA0063AFC6 /* MJRefreshAutoGifFooter.m in Sources */ = {isa = PBXBuildFile; fileRef = D81FB3271B3CF5CA0063AFC6 /* MJRefreshAutoGifFooter.m */; };
		D81FB34A1B3CF5CA0063AFC6 /* MJRefreshAutoNormalFooter.m in Sources */ = {isa = PBXBuildFile; fileRef = D81FB3291B3CF5CA0063AFC6 /* MJRefreshAutoNormalFooter.m */; };
		D81FB34B1B3CF5CA0063AFC6 /* MJRefreshAutoStateFooter.m in Sources */ = {isa = PBXBuildFile; fileRef = D81FB32B1B3CF5CA0063AFC6 /* MJRefreshAutoStateFooter.m */; };
		D81FB34C1B3CF5CA0063AFC6 /* MJRefreshBackGifFooter.m in Sources */ = {isa = PBXBuildFile; fileRef = D81FB32E1B3CF5CA0063AFC6 /* MJRefreshBackGifFooter.m */; };
		D81FB34D1B3CF5CA0063AFC6 /* MJRefreshBackNormalFooter.m in Sources */ = {isa = PBXBuildFile; fileRef = D81FB3301B3CF5CA0063AFC6 /* MJRefreshBackNormalFooter.m */; };
		D81FB34E1B3CF5CA0063AFC6 /* MJRefreshBackStateFooter.m in Sources */ = {isa = PBXBuildFile; fileRef = D81FB3321B3CF5CA0063AFC6 /* MJRefreshBackStateFooter.m */; };
		D81FB34F1B3CF5CA0063AFC6 /* MJRefreshGifHeader.m in Sources */ = {isa = PBXBuildFile; fileRef = D81FB3351B3CF5CA0063AFC6 /* MJRefreshGifHeader.m */; };
		D81FB3501B3CF5CA0063AFC6 /* MJRefreshNormalHeader.m in Sources */ = {isa = PBXBuildFile; fileRef = D81FB3371B3CF5CA0063AFC6 /* MJRefreshNormalHeader.m */; };
		D81FB3511B3CF5CA0063AFC6 /* MJRefreshStateHeader.m in Sources */ = {isa = PBXBuildFile; fileRef = D81FB3391B3CF5CA0063AFC6 /* MJRefreshStateHeader.m */; };
		D81FB3521B3CF5CA0063AFC6 /* MJRefresh.bundle in Resources */ = {isa = PBXBuildFile; fileRef = D81FB33A1B3CF5CA0063AFC6 /* MJRefresh.bundle */; };
		D81FB3531B3CF5CA0063AFC6 /* MJRefreshConst.m in Sources */ = {isa = PBXBuildFile; fileRef = D81FB33D1B3CF5CA0063AFC6 /* MJRefreshConst.m */; };
		D81FB3541B3CF5CA0063AFC6 /* UIScrollView+MJExtension.m in Sources */ = {isa = PBXBuildFile; fileRef = D81FB33F1B3CF5CA0063AFC6 /* UIScrollView+MJExtension.m */; };
		D81FB3551B3CF5CA0063AFC6 /* UIScrollView+MJRefresh.m in Sources */ = {isa = PBXBuildFile; fileRef = D81FB3411B3CF5CA0063AFC6 /* UIScrollView+MJRefresh.m */; };
		D81FB3561B3CF5CA0063AFC6 /* UIView+MJExtension.m in Sources */ = {isa = PBXBuildFile; fileRef = D81FB3431B3CF5CA0063AFC6 /* UIView+MJExtension.m */; };
		D81FB3691B3CF6320063AFC6 /* MJConst.m in Sources */ = {isa = PBXBuildFile; fileRef = D81FB3591B3CF6320063AFC6 /* MJConst.m */; };
		D81FB36A1B3CF6320063AFC6 /* MJFoundation.m in Sources */ = {isa = PBXBuildFile; fileRef = D81FB35C1B3CF6320063AFC6 /* MJFoundation.m */; };
		D81FB36B1B3CF6320063AFC6 /* MJProperty.m in Sources */ = {isa = PBXBuildFile; fileRef = D81FB35E1B3CF6320063AFC6 /* MJProperty.m */; };
		D81FB36C1B3CF6320063AFC6 /* MJType.m in Sources */ = {isa = PBXBuildFile; fileRef = D81FB3601B3CF6320063AFC6 /* MJType.m */; };
		D81FB36D1B3CF6320063AFC6 /* NSObject+MJCoding.m in Sources */ = {isa = PBXBuildFile; fileRef = D81FB3621B3CF6320063AFC6 /* NSObject+MJCoding.m */; };
		D81FB36E1B3CF6320063AFC6 /* NSObject+MJKeyValue.m in Sources */ = {isa = PBXBuildFile; fileRef = D81FB3641B3CF6320063AFC6 /* NSObject+MJKeyValue.m */; };
		D81FB36F1B3CF6320063AFC6 /* NSObject+MJProperty.m in Sources */ = {isa = PBXBuildFile; fileRef = D81FB3661B3CF6320063AFC6 /* NSObject+MJProperty.m */; };
		D81FB3701B3CF6320063AFC6 /* NSString+MJExtension.m in Sources */ = {isa = PBXBuildFile; fileRef = D81FB3681B3CF6320063AFC6 /* NSString+MJExtension.m */; };
		D81FB3741B3CF7BA0063AFC6 /* BDBNoticeResponseModel.m in Sources */ = {isa = PBXBuildFile; fileRef = D81FB3731B3CF7BA0063AFC6 /* BDBNoticeResponseModel.m */; };
		D81FB37A1B3CF96C0063AFC6 /* BDBNoticeModel.m in Sources */ = {isa = PBXBuildFile; fileRef = D81FB3791B3CF96C0063AFC6 /* BDBNoticeModel.m */; };
		D81FB37D1B3D2E590063AFC6 /* BDBTableViewRefreshHeader.m in Sources */ = {isa = PBXBuildFile; fileRef = D81FB37C1B3D2E590063AFC6 /* BDBTableViewRefreshHeader.m */; };
		D81FB3801B3D36470063AFC6 /* BDBTableViewRefreshFooter.m in Sources */ = {isa = PBXBuildFile; fileRef = D81FB37F1B3D36470063AFC6 /* BDBTableViewRefreshFooter.m */; };
		D8225DC81B21524900102B9A /* main.m in Sources */ = {isa = PBXBuildFile; fileRef = D8225DC71B21524900102B9A /* main.m */; };
		D8225DD31B21524900102B9A /* Images.xcassets in Resources */ = {isa = PBXBuildFile; fileRef = D8225DD21B21524900102B9A /* Images.xcassets */; };
		D8225DE21B21524900102B9A /* BiDaiBao_____Tests.m in Sources */ = {isa = PBXBuildFile; fileRef = D8225DE11B21524900102B9A /* BiDaiBao_____Tests.m */; };
		D8225DED1B216CE900102B9A /* AppDelegate.m in Sources */ = {isa = PBXBuildFile; fileRef = D8225DEC1B216CE900102B9A /* AppDelegate.m */; };
		D8533E5F1B3E46A10086EFEA /* BDBNoticeDetailViewController.m in Sources */ = {isa = PBXBuildFile; fileRef = D8533E5E1B3E46A10086EFEA /* BDBNoticeDetailViewController.m */; };
		D8533E681B3E8AE30086EFEA /* BDBIndexTableViewHeader.m in Sources */ = {isa = PBXBuildFile; fileRef = D8533E671B3E8AE30086EFEA /* BDBIndexTableViewHeader.m */; };
		D8533E6C1B3E98F60086EFEA /* index_adv.gif in Resources */ = {isa = PBXBuildFile; fileRef = D8533E6B1B3E98F60086EFEA /* index_adv.gif */; };
		D859C4771B33C4BC009EFDE0 /* global_loaddata_icon.gif in Resources */ = {isa = PBXBuildFile; fileRef = D859C4751B33C4BC009EFDE0 /* global_loaddata_icon.gif */; };
		D859C47B1B33CBF1009EFDE0 /* ZXLLoadDataIndicatePage.m in Sources */ = {isa = PBXBuildFile; fileRef = D859C47A1B33CBF1009EFDE0 /* ZXLLoadDataIndicatePage.m */; };
		D8745B861B22D12C0099D4EA /* AFHTTPRequestOperation.m in Sources */ = {isa = PBXBuildFile; fileRef = D8745B741B22D12C0099D4EA /* AFHTTPRequestOperation.m */; };
		D8745B871B22D12C0099D4EA /* AFHTTPRequestOperationManager.m in Sources */ = {isa = PBXBuildFile; fileRef = D8745B761B22D12C0099D4EA /* AFHTTPRequestOperationManager.m */; };
		D8745B881B22D12C0099D4EA /* AFHTTPSessionManager.m in Sources */ = {isa = PBXBuildFile; fileRef = D8745B781B22D12C0099D4EA /* AFHTTPSessionManager.m */; };
		D8745B891B22D12C0099D4EA /* AFNetworkReachabilityManager.m in Sources */ = {isa = PBXBuildFile; fileRef = D8745B7B1B22D12C0099D4EA /* AFNetworkReachabilityManager.m */; };
		D8745B8A1B22D12C0099D4EA /* AFSecurityPolicy.m in Sources */ = {isa = PBXBuildFile; fileRef = D8745B7D1B22D12C0099D4EA /* AFSecurityPolicy.m */; };
		D8745B8B1B22D12C0099D4EA /* AFURLConnectionOperation.m in Sources */ = {isa = PBXBuildFile; fileRef = D8745B7F1B22D12C0099D4EA /* AFURLConnectionOperation.m */; };
		D8745B8C1B22D12C0099D4EA /* AFURLRequestSerialization.m in Sources */ = {isa = PBXBuildFile; fileRef = D8745B811B22D12C0099D4EA /* AFURLRequestSerialization.m */; };
		D8745B8D1B22D12C0099D4EA /* AFURLResponseSerialization.m in Sources */ = {isa = PBXBuildFile; fileRef = D8745B831B22D12C0099D4EA /* AFURLResponseSerialization.m */; };
		D8745B8E1B22D12C0099D4EA /* AFURLSessionManager.m in Sources */ = {isa = PBXBuildFile; fileRef = D8745B851B22D12C0099D4EA /* AFURLSessionManager.m */; };
		D8745BB11B22D1360099D4EA /* MKAnnotationView+WebCache.m in Sources */ = {isa = PBXBuildFile; fileRef = D8745B911B22D1360099D4EA /* MKAnnotationView+WebCache.m */; };
		D8745BB21B22D1360099D4EA /* NSData+ImageContentType.m in Sources */ = {isa = PBXBuildFile; fileRef = D8745B931B22D1360099D4EA /* NSData+ImageContentType.m */; };
		D8745BB31B22D1360099D4EA /* SDImageCache.m in Sources */ = {isa = PBXBuildFile; fileRef = D8745B951B22D1360099D4EA /* SDImageCache.m */; };
		D8745BB41B22D1360099D4EA /* SDWebImageCompat.m in Sources */ = {isa = PBXBuildFile; fileRef = D8745B971B22D1360099D4EA /* SDWebImageCompat.m */; };
		D8745BB51B22D1360099D4EA /* SDWebImageDecoder.m in Sources */ = {isa = PBXBuildFile; fileRef = D8745B991B22D1360099D4EA /* SDWebImageDecoder.m */; };
		D8745BB61B22D1360099D4EA /* SDWebImageDownloader.m in Sources */ = {isa = PBXBuildFile; fileRef = D8745B9B1B22D1360099D4EA /* SDWebImageDownloader.m */; };
		D8745BB71B22D1360099D4EA /* SDWebImageDownloaderOperation.m in Sources */ = {isa = PBXBuildFile; fileRef = D8745B9D1B22D1360099D4EA /* SDWebImageDownloaderOperation.m */; };
		D8745BB81B22D1360099D4EA /* SDWebImageManager.m in Sources */ = {isa = PBXBuildFile; fileRef = D8745B9F1B22D1360099D4EA /* SDWebImageManager.m */; };
		D8745BB91B22D1360099D4EA /* SDWebImagePrefetcher.m in Sources */ = {isa = PBXBuildFile; fileRef = D8745BA21B22D1360099D4EA /* SDWebImagePrefetcher.m */; };
		D8745BBA1B22D1360099D4EA /* UIButton+WebCache.m in Sources */ = {isa = PBXBuildFile; fileRef = D8745BA41B22D1360099D4EA /* UIButton+WebCache.m */; };
		D8745BBB1B22D1360099D4EA /* UIImage+GIF.m in Sources */ = {isa = PBXBuildFile; fileRef = D8745BA61B22D1360099D4EA /* UIImage+GIF.m */; };
		D8745BBC1B22D1360099D4EA /* UIImage+MultiFormat.m in Sources */ = {isa = PBXBuildFile; fileRef = D8745BA81B22D1360099D4EA /* UIImage+MultiFormat.m */; };
		D8745BBD1B22D1360099D4EA /* UIImage+WebP.m in Sources */ = {isa = PBXBuildFile; fileRef = D8745BAA1B22D1360099D4EA /* UIImage+WebP.m */; };
		D8745BBE1B22D1360099D4EA /* UIImageView+HighlightedWebCache.m in Sources */ = {isa = PBXBuildFile; fileRef = D8745BAC1B22D1360099D4EA /* UIImageView+HighlightedWebCache.m */; };
		D8745BBF1B22D1360099D4EA /* UIImageView+WebCache.m in Sources */ = {isa = PBXBuildFile; fileRef = D8745BAE1B22D1360099D4EA /* UIImageView+WebCache.m */; };
		D8745BC01B22D1360099D4EA /* UIView+WebCacheOperation.m in Sources */ = {isa = PBXBuildFile; fileRef = D8745BB01B22D1360099D4EA /* UIView+WebCacheOperation.m */; };
		D8745BC41B22D1F20099D4EA /* UIView+Extensions.m in Sources */ = {isa = PBXBuildFile; fileRef = D8745BC31B22D1F20099D4EA /* UIView+Extensions.m */; };
		D8745BCA1B22DA1B0099D4EA /* Modules.plist in Resources */ = {isa = PBXBuildFile; fileRef = D8745BC91B22DA1B0099D4EA /* Modules.plist */; };
		D8745BCD1B22DD710099D4EA /* BDBBaseViewController.m in Sources */ = {isa = PBXBuildFile; fileRef = D8745BCC1B22DD710099D4EA /* BDBBaseViewController.m */; };
		D8745C7A1B24272E0099D4EA /* ZXLNavigationController.m in Sources */ = {isa = PBXBuildFile; fileRef = D8745C791B24272E0099D4EA /* ZXLNavigationController.m */; };
		D8745C7D1B242F9F0099D4EA /* UIBarButtonItem+Extensions.m in Sources */ = {isa = PBXBuildFile; fileRef = D8745C7C1B242F9F0099D4EA /* UIBarButtonItem+Extensions.m */; };
		D8745C801B2434C30099D4EA /* UIButton+Extensions.m in Sources */ = {isa = PBXBuildFile; fileRef = D8745C7F1B2434C30099D4EA /* UIButton+Extensions.m */; };
		D8745C871B244BD90099D4EA /* ZXLNavigationBar.m in Sources */ = {isa = PBXBuildFile; fileRef = D8745C861B244BD90099D4EA /* ZXLNavigationBar.m */; };
		D874CC851B2E6C5800CFCE57 /* UITableView+FDTemplateLayoutCell.m in Sources */ = {isa = PBXBuildFile; fileRef = D874CC841B2E6C5800CFCE57 /* UITableView+FDTemplateLayoutCell.m */; };
		D874CC941B2EA8F100CFCE57 /* GlobalConfigurations.m in Sources */ = {isa = PBXBuildFile; fileRef = D874CC931B2EA8F100CFCE57 /* GlobalConfigurations.m */; };
		D874CCE91B2EC37700CFCE57 /* BDBIndexViewController.m in Sources */ = {isa = PBXBuildFile; fileRef = D874CCD11B2EC37700CFCE57 /* BDBIndexViewController.m */; };
		D874CCEA1B2EC37700CFCE57 /* BDBNoticeViewController.m in Sources */ = {isa = PBXBuildFile; fileRef = D874CCD31B2EC37700CFCE57 /* BDBNoticeViewController.m */; };
		D874CCED1B2EC37700CFCE57 /* BDBWarningViewController.m in Sources */ = {isa = PBXBuildFile; fileRef = D874CCE51B2EC37700CFCE57 /* BDBWarningViewController.m */; };
		D874CCF31B2EC3EA00CFCE57 /* Index.storyboard in Resources */ = {isa = PBXBuildFile; fileRef = D874CCF21B2EC3EA00CFCE57 /* Index.storyboard */; };
		D874CCF81B2EC50700CFCE57 /* BDBNoticeTableViewCell.m in Sources */ = {isa = PBXBuildFile; fileRef = D874CCF61B2EC50700CFCE57 /* BDBNoticeTableViewCell.m */; };
		D874CCF91B2EC50700CFCE57 /* BDBNoticeTableViewCell.xib in Resources */ = {isa = PBXBuildFile; fileRef = D874CCF71B2EC50700CFCE57 /* BDBNoticeTableViewCell.xib */; };
		D874CCFB1B2EC5A400CFCE57 /* Discovery.storyboard in Resources */ = {isa = PBXBuildFile; fileRef = D874CCFA1B2EC5A400CFCE57 /* Discovery.storyboard */; };
		D874CD011B2EC68C00CFCE57 /* BDBDiscoveryViewController.m in Sources */ = {isa = PBXBuildFile; fileRef = D874CD001B2EC68C00CFCE57 /* BDBDiscoveryViewController.m */; };
		D874CD051B2EC79C00CFCE57 /* User.storyboard in Resources */ = {isa = PBXBuildFile; fileRef = D874CD041B2EC79C00CFCE57 /* User.storyboard */; };
		D874CD071B2EC7AE00CFCE57 /* Warning.storyboard in Resources */ = {isa = PBXBuildFile; fileRef = D874CD061B2EC7AE00CFCE57 /* Warning.storyboard */; };
/* End PBXBuildFile section */

/* Begin PBXContainerItemProxy section */
		D8225DDC1B21524900102B9A /* PBXContainerItemProxy */ = {
			isa = PBXContainerItemProxy;
			containerPortal = D8225DBA1B21524900102B9A /* Project object */;
			proxyType = 1;
			remoteGlobalIDString = D8225DC11B21524900102B9A;
			remoteInfo = "BiDaiBao(比贷宝)";
		};
/* End PBXContainerItemProxy section */

/* Begin PBXFileReference section */
		18446C181B413BB90040AF01 /* Subject.storyboard */ = {isa = PBXFileReference; fileEncoding = 4; lastKnownFileType = file.storyboard; path = Subject.storyboard; sourceTree = "<group>"; };
		18446C1A1B413C2E0040AF01 /* BDBSubjectViewController.h */ = {isa = PBXFileReference; fileEncoding = 4; lastKnownFileType = sourcecode.c.h; path = BDBSubjectViewController.h; sourceTree = "<group>"; };
		18446C1B1B413C2E0040AF01 /* BDBSubjectViewController.m */ = {isa = PBXFileReference; fileEncoding = 4; lastKnownFileType = sourcecode.c.objc; path = BDBSubjectViewController.m; sourceTree = "<group>"; };
		18446C1D1B413C6D0040AF01 /* BDBButtonForSift.h */ = {isa = PBXFileReference; fileEncoding = 4; lastKnownFileType = sourcecode.c.h; path = BDBButtonForSift.h; sourceTree = "<group>"; };
		18446C1E1B413C6D0040AF01 /* BDBButtonForSift.m */ = {isa = PBXFileReference; fileEncoding = 4; lastKnownFileType = sourcecode.c.objc; path = BDBButtonForSift.m; sourceTree = "<group>"; };
		18446C1F1B413C6D0040AF01 /* BDBTableViewCell_Sift.h */ = {isa = PBXFileReference; fileEncoding = 4; lastKnownFileType = sourcecode.c.h; path = BDBTableViewCell_Sift.h; sourceTree = "<group>"; };
		18446C201B413C6D0040AF01 /* BDBTableViewCell_Sift.m */ = {isa = PBXFileReference; fileEncoding = 4; lastKnownFileType = sourcecode.c.objc; path = BDBTableViewCell_Sift.m; sourceTree = "<group>"; };
		18446C211B413C6D0040AF01 /* BDBTableViewCell_Sift.xib */ = {isa = PBXFileReference; fileEncoding = 4; lastKnownFileType = file.xib; path = BDBTableViewCell_Sift.xib; sourceTree = "<group>"; };
		18446C221B413C6D0040AF01 /* BDBTableViewCell.h */ = {isa = PBXFileReference; fileEncoding = 4; lastKnownFileType = sourcecode.c.h; path = BDBTableViewCell.h; sourceTree = "<group>"; };
		18446C231B413C6D0040AF01 /* BDBTableViewCell.m */ = {isa = PBXFileReference; fileEncoding = 4; lastKnownFileType = sourcecode.c.objc; path = BDBTableViewCell.m; sourceTree = "<group>"; };
		18446C241B413C6D0040AF01 /* BDBTableViewCell.xib */ = {isa = PBXFileReference; fileEncoding = 4; lastKnownFileType = file.xib; path = BDBTableViewCell.xib; sourceTree = "<group>"; };
		18446C251B413C6D0040AF01 /* MOProgressView.h */ = {isa = PBXFileReference; fileEncoding = 4; lastKnownFileType = sourcecode.c.h; path = MOProgressView.h; sourceTree = "<group>"; };
		18446C261B413C6D0040AF01 /* MOProgressView.m */ = {isa = PBXFileReference; fileEncoding = 4; lastKnownFileType = sourcecode.c.objc; path = MOProgressView.m; sourceTree = "<group>"; };
		18446C271B413C6D0040AF01 /* BDBButtonForTopView.h */ = {isa = PBXFileReference; fileEncoding = 4; lastKnownFileType = sourcecode.c.h; path = BDBButtonForTopView.h; sourceTree = "<group>"; };
		18446C281B413C6D0040AF01 /* BDBButtonForTopView.m */ = {isa = PBXFileReference; fileEncoding = 4; lastKnownFileType = sourcecode.c.objc; path = BDBButtonForTopView.m; sourceTree = "<group>"; };
		18446C301B413C860040AF01 /* BDBSiftButtonInfoModel.h */ = {isa = PBXFileReference; fileEncoding = 4; lastKnownFileType = sourcecode.c.h; path = BDBSiftButtonInfoModel.h; sourceTree = "<group>"; };
		18446C311B413C860040AF01 /* BDBSiftButtonInfoModel.m */ = {isa = PBXFileReference; fileEncoding = 4; lastKnownFileType = sourcecode.c.objc; path = BDBSiftButtonInfoModel.m; sourceTree = "<group>"; };
		18446C321B413C860040AF01 /* BDBSujectRespondModel.h */ = {isa = PBXFileReference; fileEncoding = 4; lastKnownFileType = sourcecode.c.h; path = BDBSujectRespondModel.h; sourceTree = "<group>"; };
		18446C331B413C860040AF01 /* BDBSujectRespondModel.m */ = {isa = PBXFileReference; fileEncoding = 4; lastKnownFileType = sourcecode.c.objc; path = BDBSujectRespondModel.m; sourceTree = "<group>"; };
		18446C341B413C860040AF01 /* BDBSujectModel.m */ = {isa = PBXFileReference; fileEncoding = 4; lastKnownFileType = sourcecode.c.objc; path = BDBSujectModel.m; sourceTree = "<group>"; };
		18446C351B413C860040AF01 /* BDBSujectModel.h */ = {isa = PBXFileReference; fileEncoding = 4; lastKnownFileType = sourcecode.c.h; path = BDBSujectModel.h; sourceTree = "<group>"; };
		18446C391B413D0F0040AF01 /* siftButtons.plist */ = {isa = PBXFileReference; fileEncoding = 4; lastKnownFileType = text.plist.xml; path = siftButtons.plist; sourceTree = "<group>"; };
		D80895AC1B25C2E500A7B1A4 /* FLAnimatedImage.h */ = {isa = PBXFileReference; fileEncoding = 4; lastKnownFileType = sourcecode.c.h; path = FLAnimatedImage.h; sourceTree = "<group>"; };
		D80895AD1B25C2E500A7B1A4 /* FLAnimatedImage.m */ = {isa = PBXFileReference; fileEncoding = 4; lastKnownFileType = sourcecode.c.objc; path = FLAnimatedImage.m; sourceTree = "<group>"; };
		D80895AE1B25C2E500A7B1A4 /* FLAnimatedImageView.h */ = {isa = PBXFileReference; fileEncoding = 4; lastKnownFileType = sourcecode.c.h; path = FLAnimatedImageView.h; sourceTree = "<group>"; };
		D80895AF1B25C2E500A7B1A4 /* FLAnimatedImageView.m */ = {isa = PBXFileReference; fileEncoding = 4; lastKnownFileType = sourcecode.c.objc; path = FLAnimatedImageView.m; sourceTree = "<group>"; };
		D813EDE11B2FC3E400606D60 /* BDBFeatureViewController.h */ = {isa = PBXFileReference; fileEncoding = 4; lastKnownFileType = sourcecode.c.h; path = BDBFeatureViewController.h; sourceTree = "<group>"; };
		D813EDE21B2FC3E400606D60 /* BDBFeatureViewController.m */ = {isa = PBXFileReference; fileEncoding = 4; lastKnownFileType = sourcecode.c.objc; path = BDBFeatureViewController.m; sourceTree = "<group>"; };
		D813EDE61B2FF49E00606D60 /* Feature.storyboard */ = {isa = PBXFileReference; fileEncoding = 4; lastKnownFileType = file.storyboard; path = Feature.storyboard; sourceTree = "<group>"; };
		D81FB3151B3CF3200063AFC6 /* global_refreshdata_icon.gif */ = {isa = PBXFileReference; lastKnownFileType = image.gif; path = global_refreshdata_icon.gif; sourceTree = "<group>"; };
		D81FB3191B3CF5CA0063AFC6 /* MJRefreshAutoFooter.h */ = {isa = PBXFileReference; fileEncoding = 4; lastKnownFileType = sourcecode.c.h; path = MJRefreshAutoFooter.h; sourceTree = "<group>"; };
		D81FB31A1B3CF5CA0063AFC6 /* MJRefreshAutoFooter.m */ = {isa = PBXFileReference; fileEncoding = 4; lastKnownFileType = sourcecode.c.objc; path = MJRefreshAutoFooter.m; sourceTree = "<group>"; };
		D81FB31B1B3CF5CA0063AFC6 /* MJRefreshBackFooter.h */ = {isa = PBXFileReference; fileEncoding = 4; lastKnownFileType = sourcecode.c.h; path = MJRefreshBackFooter.h; sourceTree = "<group>"; };
		D81FB31C1B3CF5CA0063AFC6 /* MJRefreshBackFooter.m */ = {isa = PBXFileReference; fileEncoding = 4; lastKnownFileType = sourcecode.c.objc; path = MJRefreshBackFooter.m; sourceTree = "<group>"; };
		D81FB31D1B3CF5CA0063AFC6 /* MJRefreshComponent.h */ = {isa = PBXFileReference; fileEncoding = 4; lastKnownFileType = sourcecode.c.h; path = MJRefreshComponent.h; sourceTree = "<group>"; };
		D81FB31E1B3CF5CA0063AFC6 /* MJRefreshComponent.m */ = {isa = PBXFileReference; fileEncoding = 4; lastKnownFileType = sourcecode.c.objc; path = MJRefreshComponent.m; sourceTree = "<group>"; };
		D81FB31F1B3CF5CA0063AFC6 /* MJRefreshFooter.h */ = {isa = PBXFileReference; fileEncoding = 4; lastKnownFileType = sourcecode.c.h; path = MJRefreshFooter.h; sourceTree = "<group>"; };
		D81FB3201B3CF5CA0063AFC6 /* MJRefreshFooter.m */ = {isa = PBXFileReference; fileEncoding = 4; lastKnownFileType = sourcecode.c.objc; path = MJRefreshFooter.m; sourceTree = "<group>"; };
		D81FB3211B3CF5CA0063AFC6 /* MJRefreshHeader.h */ = {isa = PBXFileReference; fileEncoding = 4; lastKnownFileType = sourcecode.c.h; path = MJRefreshHeader.h; sourceTree = "<group>"; };
		D81FB3221B3CF5CA0063AFC6 /* MJRefreshHeader.m */ = {isa = PBXFileReference; fileEncoding = 4; lastKnownFileType = sourcecode.c.objc; path = MJRefreshHeader.m; sourceTree = "<group>"; };
		D81FB3261B3CF5CA0063AFC6 /* MJRefreshAutoGifFooter.h */ = {isa = PBXFileReference; fileEncoding = 4; lastKnownFileType = sourcecode.c.h; path = MJRefreshAutoGifFooter.h; sourceTree = "<group>"; };
		D81FB3271B3CF5CA0063AFC6 /* MJRefreshAutoGifFooter.m */ = {isa = PBXFileReference; fileEncoding = 4; lastKnownFileType = sourcecode.c.objc; path = MJRefreshAutoGifFooter.m; sourceTree = "<group>"; };
		D81FB3281B3CF5CA0063AFC6 /* MJRefreshAutoNormalFooter.h */ = {isa = PBXFileReference; fileEncoding = 4; lastKnownFileType = sourcecode.c.h; path = MJRefreshAutoNormalFooter.h; sourceTree = "<group>"; };
		D81FB3291B3CF5CA0063AFC6 /* MJRefreshAutoNormalFooter.m */ = {isa = PBXFileReference; fileEncoding = 4; lastKnownFileType = sourcecode.c.objc; path = MJRefreshAutoNormalFooter.m; sourceTree = "<group>"; };
		D81FB32A1B3CF5CA0063AFC6 /* MJRefreshAutoStateFooter.h */ = {isa = PBXFileReference; fileEncoding = 4; lastKnownFileType = sourcecode.c.h; path = MJRefreshAutoStateFooter.h; sourceTree = "<group>"; };
		D81FB32B1B3CF5CA0063AFC6 /* MJRefreshAutoStateFooter.m */ = {isa = PBXFileReference; fileEncoding = 4; lastKnownFileType = sourcecode.c.objc; path = MJRefreshAutoStateFooter.m; sourceTree = "<group>"; };
		D81FB32D1B3CF5CA0063AFC6 /* MJRefreshBackGifFooter.h */ = {isa = PBXFileReference; fileEncoding = 4; lastKnownFileType = sourcecode.c.h; path = MJRefreshBackGifFooter.h; sourceTree = "<group>"; };
		D81FB32E1B3CF5CA0063AFC6 /* MJRefreshBackGifFooter.m */ = {isa = PBXFileReference; fileEncoding = 4; lastKnownFileType = sourcecode.c.objc; path = MJRefreshBackGifFooter.m; sourceTree = "<group>"; };
		D81FB32F1B3CF5CA0063AFC6 /* MJRefreshBackNormalFooter.h */ = {isa = PBXFileReference; fileEncoding = 4; lastKnownFileType = sourcecode.c.h; path = MJRefreshBackNormalFooter.h; sourceTree = "<group>"; };
		D81FB3301B3CF5CA0063AFC6 /* MJRefreshBackNormalFooter.m */ = {isa = PBXFileReference; fileEncoding = 4; lastKnownFileType = sourcecode.c.objc; path = MJRefreshBackNormalFooter.m; sourceTree = "<group>"; };
		D81FB3311B3CF5CA0063AFC6 /* MJRefreshBackStateFooter.h */ = {isa = PBXFileReference; fileEncoding = 4; lastKnownFileType = sourcecode.c.h; path = MJRefreshBackStateFooter.h; sourceTree = "<group>"; };
		D81FB3321B3CF5CA0063AFC6 /* MJRefreshBackStateFooter.m */ = {isa = PBXFileReference; fileEncoding = 4; lastKnownFileType = sourcecode.c.objc; path = MJRefreshBackStateFooter.m; sourceTree = "<group>"; };
		D81FB3341B3CF5CA0063AFC6 /* MJRefreshGifHeader.h */ = {isa = PBXFileReference; fileEncoding = 4; lastKnownFileType = sourcecode.c.h; path = MJRefreshGifHeader.h; sourceTree = "<group>"; };
		D81FB3351B3CF5CA0063AFC6 /* MJRefreshGifHeader.m */ = {isa = PBXFileReference; fileEncoding = 4; lastKnownFileType = sourcecode.c.objc; path = MJRefreshGifHeader.m; sourceTree = "<group>"; };
		D81FB3361B3CF5CA0063AFC6 /* MJRefreshNormalHeader.h */ = {isa = PBXFileReference; fileEncoding = 4; lastKnownFileType = sourcecode.c.h; path = MJRefreshNormalHeader.h; sourceTree = "<group>"; };
		D81FB3371B3CF5CA0063AFC6 /* MJRefreshNormalHeader.m */ = {isa = PBXFileReference; fileEncoding = 4; lastKnownFileType = sourcecode.c.objc; path = MJRefreshNormalHeader.m; sourceTree = "<group>"; };
		D81FB3381B3CF5CA0063AFC6 /* MJRefreshStateHeader.h */ = {isa = PBXFileReference; fileEncoding = 4; lastKnownFileType = sourcecode.c.h; path = MJRefreshStateHeader.h; sourceTree = "<group>"; };
		D81FB3391B3CF5CA0063AFC6 /* MJRefreshStateHeader.m */ = {isa = PBXFileReference; fileEncoding = 4; lastKnownFileType = sourcecode.c.objc; path = MJRefreshStateHeader.m; sourceTree = "<group>"; };
		D81FB33A1B3CF5CA0063AFC6 /* MJRefresh.bundle */ = {isa = PBXFileReference; lastKnownFileType = "wrapper.plug-in"; path = MJRefresh.bundle; sourceTree = "<group>"; };
		D81FB33B1B3CF5CA0063AFC6 /* MJRefresh.h */ = {isa = PBXFileReference; fileEncoding = 4; lastKnownFileType = sourcecode.c.h; path = MJRefresh.h; sourceTree = "<group>"; };
		D81FB33C1B3CF5CA0063AFC6 /* MJRefreshConst.h */ = {isa = PBXFileReference; fileEncoding = 4; lastKnownFileType = sourcecode.c.h; path = MJRefreshConst.h; sourceTree = "<group>"; };
		D81FB33D1B3CF5CA0063AFC6 /* MJRefreshConst.m */ = {isa = PBXFileReference; fileEncoding = 4; lastKnownFileType = sourcecode.c.objc; path = MJRefreshConst.m; sourceTree = "<group>"; };
		D81FB33E1B3CF5CA0063AFC6 /* UIScrollView+MJExtension.h */ = {isa = PBXFileReference; fileEncoding = 4; lastKnownFileType = sourcecode.c.h; path = "UIScrollView+MJExtension.h"; sourceTree = "<group>"; };
		D81FB33F1B3CF5CA0063AFC6 /* UIScrollView+MJExtension.m */ = {isa = PBXFileReference; fileEncoding = 4; lastKnownFileType = sourcecode.c.objc; path = "UIScrollView+MJExtension.m"; sourceTree = "<group>"; };
		D81FB3401B3CF5CA0063AFC6 /* UIScrollView+MJRefresh.h */ = {isa = PBXFileReference; fileEncoding = 4; lastKnownFileType = sourcecode.c.h; path = "UIScrollView+MJRefresh.h"; sourceTree = "<group>"; };
		D81FB3411B3CF5CA0063AFC6 /* UIScrollView+MJRefresh.m */ = {isa = PBXFileReference; fileEncoding = 4; lastKnownFileType = sourcecode.c.objc; path = "UIScrollView+MJRefresh.m"; sourceTree = "<group>"; };
		D81FB3421B3CF5CA0063AFC6 /* UIView+MJExtension.h */ = {isa = PBXFileReference; fileEncoding = 4; lastKnownFileType = sourcecode.c.h; path = "UIView+MJExtension.h"; sourceTree = "<group>"; };
		D81FB3431B3CF5CA0063AFC6 /* UIView+MJExtension.m */ = {isa = PBXFileReference; fileEncoding = 4; lastKnownFileType = sourcecode.c.objc; path = "UIView+MJExtension.m"; sourceTree = "<group>"; };
		D81FB3581B3CF6320063AFC6 /* MJConst.h */ = {isa = PBXFileReference; fileEncoding = 4; lastKnownFileType = sourcecode.c.h; path = MJConst.h; sourceTree = "<group>"; };
		D81FB3591B3CF6320063AFC6 /* MJConst.m */ = {isa = PBXFileReference; fileEncoding = 4; lastKnownFileType = sourcecode.c.objc; path = MJConst.m; sourceTree = "<group>"; };
		D81FB35A1B3CF6320063AFC6 /* MJExtension.h */ = {isa = PBXFileReference; fileEncoding = 4; lastKnownFileType = sourcecode.c.h; path = MJExtension.h; sourceTree = "<group>"; };
		D81FB35B1B3CF6320063AFC6 /* MJFoundation.h */ = {isa = PBXFileReference; fileEncoding = 4; lastKnownFileType = sourcecode.c.h; path = MJFoundation.h; sourceTree = "<group>"; };
		D81FB35C1B3CF6320063AFC6 /* MJFoundation.m */ = {isa = PBXFileReference; fileEncoding = 4; lastKnownFileType = sourcecode.c.objc; path = MJFoundation.m; sourceTree = "<group>"; };
		D81FB35D1B3CF6320063AFC6 /* MJProperty.h */ = {isa = PBXFileReference; fileEncoding = 4; lastKnownFileType = sourcecode.c.h; path = MJProperty.h; sourceTree = "<group>"; };
		D81FB35E1B3CF6320063AFC6 /* MJProperty.m */ = {isa = PBXFileReference; fileEncoding = 4; lastKnownFileType = sourcecode.c.objc; path = MJProperty.m; sourceTree = "<group>"; };
		D81FB35F1B3CF6320063AFC6 /* MJType.h */ = {isa = PBXFileReference; fileEncoding = 4; lastKnownFileType = sourcecode.c.h; path = MJType.h; sourceTree = "<group>"; };
		D81FB3601B3CF6320063AFC6 /* MJType.m */ = {isa = PBXFileReference; fileEncoding = 4; lastKnownFileType = sourcecode.c.objc; path = MJType.m; sourceTree = "<group>"; };
		D81FB3611B3CF6320063AFC6 /* NSObject+MJCoding.h */ = {isa = PBXFileReference; fileEncoding = 4; lastKnownFileType = sourcecode.c.h; path = "NSObject+MJCoding.h"; sourceTree = "<group>"; };
		D81FB3621B3CF6320063AFC6 /* NSObject+MJCoding.m */ = {isa = PBXFileReference; fileEncoding = 4; lastKnownFileType = sourcecode.c.objc; path = "NSObject+MJCoding.m"; sourceTree = "<group>"; };
		D81FB3631B3CF6320063AFC6 /* NSObject+MJKeyValue.h */ = {isa = PBXFileReference; fileEncoding = 4; lastKnownFileType = sourcecode.c.h; path = "NSObject+MJKeyValue.h"; sourceTree = "<group>"; };
		D81FB3641B3CF6320063AFC6 /* NSObject+MJKeyValue.m */ = {isa = PBXFileReference; fileEncoding = 4; lastKnownFileType = sourcecode.c.objc; path = "NSObject+MJKeyValue.m"; sourceTree = "<group>"; };
		D81FB3651B3CF6320063AFC6 /* NSObject+MJProperty.h */ = {isa = PBXFileReference; fileEncoding = 4; lastKnownFileType = sourcecode.c.h; path = "NSObject+MJProperty.h"; sourceTree = "<group>"; };
		D81FB3661B3CF6320063AFC6 /* NSObject+MJProperty.m */ = {isa = PBXFileReference; fileEncoding = 4; lastKnownFileType = sourcecode.c.objc; path = "NSObject+MJProperty.m"; sourceTree = "<group>"; };
		D81FB3671B3CF6320063AFC6 /* NSString+MJExtension.h */ = {isa = PBXFileReference; fileEncoding = 4; lastKnownFileType = sourcecode.c.h; path = "NSString+MJExtension.h"; sourceTree = "<group>"; };
		D81FB3681B3CF6320063AFC6 /* NSString+MJExtension.m */ = {isa = PBXFileReference; fileEncoding = 4; lastKnownFileType = sourcecode.c.objc; path = "NSString+MJExtension.m"; sourceTree = "<group>"; };
		D81FB3721B3CF7BA0063AFC6 /* BDBNoticeResponseModel.h */ = {isa = PBXFileReference; fileEncoding = 4; lastKnownFileType = sourcecode.c.h; path = BDBNoticeResponseModel.h; sourceTree = "<group>"; };
		D81FB3731B3CF7BA0063AFC6 /* BDBNoticeResponseModel.m */ = {isa = PBXFileReference; fileEncoding = 4; lastKnownFileType = sourcecode.c.objc; path = BDBNoticeResponseModel.m; sourceTree = "<group>"; };
		D81FB3781B3CF96C0063AFC6 /* BDBNoticeModel.h */ = {isa = PBXFileReference; fileEncoding = 4; lastKnownFileType = sourcecode.c.h; path = BDBNoticeModel.h; sourceTree = "<group>"; };
		D81FB3791B3CF96C0063AFC6 /* BDBNoticeModel.m */ = {isa = PBXFileReference; fileEncoding = 4; lastKnownFileType = sourcecode.c.objc; path = BDBNoticeModel.m; sourceTree = "<group>"; };
		D81FB37B1B3D2E590063AFC6 /* BDBTableViewRefreshHeader.h */ = {isa = PBXFileReference; fileEncoding = 4; lastKnownFileType = sourcecode.c.h; path = BDBTableViewRefreshHeader.h; sourceTree = "<group>"; };
		D81FB37C1B3D2E590063AFC6 /* BDBTableViewRefreshHeader.m */ = {isa = PBXFileReference; fileEncoding = 4; lastKnownFileType = sourcecode.c.objc; path = BDBTableViewRefreshHeader.m; sourceTree = "<group>"; };
		D81FB37E1B3D36470063AFC6 /* BDBTableViewRefreshFooter.h */ = {isa = PBXFileReference; fileEncoding = 4; lastKnownFileType = sourcecode.c.h; path = BDBTableViewRefreshFooter.h; sourceTree = "<group>"; };
		D81FB37F1B3D36470063AFC6 /* BDBTableViewRefreshFooter.m */ = {isa = PBXFileReference; fileEncoding = 4; lastKnownFileType = sourcecode.c.objc; path = BDBTableViewRefreshFooter.m; sourceTree = "<group>"; };
		D8225DC21B21524900102B9A /* BiDaiBao(比贷宝).app */ = {isa = PBXFileReference; explicitFileType = wrapper.application; includeInIndex = 0; path = "BiDaiBao(比贷宝).app"; sourceTree = BUILT_PRODUCTS_DIR; };
		D8225DC61B21524900102B9A /* Info.plist */ = {isa = PBXFileReference; lastKnownFileType = text.plist.xml; path = Info.plist; sourceTree = "<group>"; };
		D8225DC71B21524900102B9A /* main.m */ = {isa = PBXFileReference; lastKnownFileType = sourcecode.c.objc; path = main.m; sourceTree = "<group>"; };
		D8225DD21B21524900102B9A /* Images.xcassets */ = {isa = PBXFileReference; lastKnownFileType = folder.assetcatalog; path = Images.xcassets; sourceTree = "<group>"; };
		D8225DDB1B21524900102B9A /* BiDaiBao(比贷宝)Tests.xctest */ = {isa = PBXFileReference; explicitFileType = wrapper.cfbundle; includeInIndex = 0; path = "BiDaiBao(比贷宝)Tests.xctest"; sourceTree = BUILT_PRODUCTS_DIR; };
		D8225DE01B21524900102B9A /* Info.plist */ = {isa = PBXFileReference; lastKnownFileType = text.plist.xml; path = Info.plist; sourceTree = "<group>"; };
		D8225DE11B21524900102B9A /* BiDaiBao_____Tests.m */ = {isa = PBXFileReference; lastKnownFileType = sourcecode.c.objc; path = "BiDaiBao_____Tests.m"; sourceTree = "<group>"; };
		D8225DEB1B216CE900102B9A /* AppDelegate.h */ = {isa = PBXFileReference; fileEncoding = 4; lastKnownFileType = sourcecode.c.h; path = AppDelegate.h; sourceTree = "<group>"; };
		D8225DEC1B216CE900102B9A /* AppDelegate.m */ = {isa = PBXFileReference; fileEncoding = 4; lastKnownFileType = sourcecode.c.objc; path = AppDelegate.m; sourceTree = "<group>"; };
		D8225DEE1B216D5900102B9A /* BiDaiBao-Prefix.pch */ = {isa = PBXFileReference; lastKnownFileType = sourcecode.c.h; path = "BiDaiBao-Prefix.pch"; sourceTree = "<group>"; };
		D8533E5D1B3E46A10086EFEA /* BDBNoticeDetailViewController.h */ = {isa = PBXFileReference; fileEncoding = 4; lastKnownFileType = sourcecode.c.h; path = BDBNoticeDetailViewController.h; sourceTree = "<group>"; };
		D8533E5E1B3E46A10086EFEA /* BDBNoticeDetailViewController.m */ = {isa = PBXFileReference; fileEncoding = 4; lastKnownFileType = sourcecode.c.objc; path = BDBNoticeDetailViewController.m; sourceTree = "<group>"; };
		D8533E661B3E8AE30086EFEA /* BDBIndexTableViewHeader.h */ = {isa = PBXFileReference; fileEncoding = 4; lastKnownFileType = sourcecode.c.h; path = BDBIndexTableViewHeader.h; sourceTree = "<group>"; };
		D8533E671B3E8AE30086EFEA /* BDBIndexTableViewHeader.m */ = {isa = PBXFileReference; fileEncoding = 4; lastKnownFileType = sourcecode.c.objc; path = BDBIndexTableViewHeader.m; sourceTree = "<group>"; };
		D8533E6B1B3E98F60086EFEA /* index_adv.gif */ = {isa = PBXFileReference; lastKnownFileType = image.gif; path = index_adv.gif; sourceTree = "<group>"; };
		D859C4751B33C4BC009EFDE0 /* global_loaddata_icon.gif */ = {isa = PBXFileReference; lastKnownFileType = image.gif; path = global_loaddata_icon.gif; sourceTree = "<group>"; };
		D859C4791B33CBF1009EFDE0 /* ZXLLoadDataIndicatePage.h */ = {isa = PBXFileReference; fileEncoding = 4; lastKnownFileType = sourcecode.c.h; path = ZXLLoadDataIndicatePage.h; sourceTree = "<group>"; };
		D859C47A1B33CBF1009EFDE0 /* ZXLLoadDataIndicatePage.m */ = {isa = PBXFileReference; fileEncoding = 4; lastKnownFileType = sourcecode.c.objc; path = ZXLLoadDataIndicatePage.m; sourceTree = "<group>"; };
		D8745B731B22D12C0099D4EA /* AFHTTPRequestOperation.h */ = {isa = PBXFileReference; fileEncoding = 4; lastKnownFileType = sourcecode.c.h; path = AFHTTPRequestOperation.h; sourceTree = "<group>"; };
		D8745B741B22D12C0099D4EA /* AFHTTPRequestOperation.m */ = {isa = PBXFileReference; fileEncoding = 4; lastKnownFileType = sourcecode.c.objc; path = AFHTTPRequestOperation.m; sourceTree = "<group>"; };
		D8745B751B22D12C0099D4EA /* AFHTTPRequestOperationManager.h */ = {isa = PBXFileReference; fileEncoding = 4; lastKnownFileType = sourcecode.c.h; path = AFHTTPRequestOperationManager.h; sourceTree = "<group>"; };
		D8745B761B22D12C0099D4EA /* AFHTTPRequestOperationManager.m */ = {isa = PBXFileReference; fileEncoding = 4; lastKnownFileType = sourcecode.c.objc; path = AFHTTPRequestOperationManager.m; sourceTree = "<group>"; };
		D8745B771B22D12C0099D4EA /* AFHTTPSessionManager.h */ = {isa = PBXFileReference; fileEncoding = 4; lastKnownFileType = sourcecode.c.h; path = AFHTTPSessionManager.h; sourceTree = "<group>"; };
		D8745B781B22D12C0099D4EA /* AFHTTPSessionManager.m */ = {isa = PBXFileReference; fileEncoding = 4; lastKnownFileType = sourcecode.c.objc; path = AFHTTPSessionManager.m; sourceTree = "<group>"; };
		D8745B791B22D12C0099D4EA /* AFNetworking.h */ = {isa = PBXFileReference; fileEncoding = 4; lastKnownFileType = sourcecode.c.h; path = AFNetworking.h; sourceTree = "<group>"; };
		D8745B7A1B22D12C0099D4EA /* AFNetworkReachabilityManager.h */ = {isa = PBXFileReference; fileEncoding = 4; lastKnownFileType = sourcecode.c.h; path = AFNetworkReachabilityManager.h; sourceTree = "<group>"; };
		D8745B7B1B22D12C0099D4EA /* AFNetworkReachabilityManager.m */ = {isa = PBXFileReference; fileEncoding = 4; lastKnownFileType = sourcecode.c.objc; path = AFNetworkReachabilityManager.m; sourceTree = "<group>"; };
		D8745B7C1B22D12C0099D4EA /* AFSecurityPolicy.h */ = {isa = PBXFileReference; fileEncoding = 4; lastKnownFileType = sourcecode.c.h; path = AFSecurityPolicy.h; sourceTree = "<group>"; };
		D8745B7D1B22D12C0099D4EA /* AFSecurityPolicy.m */ = {isa = PBXFileReference; fileEncoding = 4; lastKnownFileType = sourcecode.c.objc; path = AFSecurityPolicy.m; sourceTree = "<group>"; };
		D8745B7E1B22D12C0099D4EA /* AFURLConnectionOperation.h */ = {isa = PBXFileReference; fileEncoding = 4; lastKnownFileType = sourcecode.c.h; path = AFURLConnectionOperation.h; sourceTree = "<group>"; };
		D8745B7F1B22D12C0099D4EA /* AFURLConnectionOperation.m */ = {isa = PBXFileReference; fileEncoding = 4; lastKnownFileType = sourcecode.c.objc; path = AFURLConnectionOperation.m; sourceTree = "<group>"; };
		D8745B801B22D12C0099D4EA /* AFURLRequestSerialization.h */ = {isa = PBXFileReference; fileEncoding = 4; lastKnownFileType = sourcecode.c.h; path = AFURLRequestSerialization.h; sourceTree = "<group>"; };
		D8745B811B22D12C0099D4EA /* AFURLRequestSerialization.m */ = {isa = PBXFileReference; fileEncoding = 4; lastKnownFileType = sourcecode.c.objc; path = AFURLRequestSerialization.m; sourceTree = "<group>"; };
		D8745B821B22D12C0099D4EA /* AFURLResponseSerialization.h */ = {isa = PBXFileReference; fileEncoding = 4; lastKnownFileType = sourcecode.c.h; path = AFURLResponseSerialization.h; sourceTree = "<group>"; };
		D8745B831B22D12C0099D4EA /* AFURLResponseSerialization.m */ = {isa = PBXFileReference; fileEncoding = 4; lastKnownFileType = sourcecode.c.objc; path = AFURLResponseSerialization.m; sourceTree = "<group>"; };
		D8745B841B22D12C0099D4EA /* AFURLSessionManager.h */ = {isa = PBXFileReference; fileEncoding = 4; lastKnownFileType = sourcecode.c.h; path = AFURLSessionManager.h; sourceTree = "<group>"; };
		D8745B851B22D12C0099D4EA /* AFURLSessionManager.m */ = {isa = PBXFileReference; fileEncoding = 4; lastKnownFileType = sourcecode.c.objc; path = AFURLSessionManager.m; sourceTree = "<group>"; };
		D8745B901B22D1360099D4EA /* MKAnnotationView+WebCache.h */ = {isa = PBXFileReference; fileEncoding = 4; lastKnownFileType = sourcecode.c.h; path = "MKAnnotationView+WebCache.h"; sourceTree = "<group>"; };
		D8745B911B22D1360099D4EA /* MKAnnotationView+WebCache.m */ = {isa = PBXFileReference; fileEncoding = 4; lastKnownFileType = sourcecode.c.objc; path = "MKAnnotationView+WebCache.m"; sourceTree = "<group>"; };
		D8745B921B22D1360099D4EA /* NSData+ImageContentType.h */ = {isa = PBXFileReference; fileEncoding = 4; lastKnownFileType = sourcecode.c.h; path = "NSData+ImageContentType.h"; sourceTree = "<group>"; };
		D8745B931B22D1360099D4EA /* NSData+ImageContentType.m */ = {isa = PBXFileReference; fileEncoding = 4; lastKnownFileType = sourcecode.c.objc; path = "NSData+ImageContentType.m"; sourceTree = "<group>"; };
		D8745B941B22D1360099D4EA /* SDImageCache.h */ = {isa = PBXFileReference; fileEncoding = 4; lastKnownFileType = sourcecode.c.h; path = SDImageCache.h; sourceTree = "<group>"; };
		D8745B951B22D1360099D4EA /* SDImageCache.m */ = {isa = PBXFileReference; fileEncoding = 4; lastKnownFileType = sourcecode.c.objc; path = SDImageCache.m; sourceTree = "<group>"; };
		D8745B961B22D1360099D4EA /* SDWebImageCompat.h */ = {isa = PBXFileReference; fileEncoding = 4; lastKnownFileType = sourcecode.c.h; path = SDWebImageCompat.h; sourceTree = "<group>"; };
		D8745B971B22D1360099D4EA /* SDWebImageCompat.m */ = {isa = PBXFileReference; fileEncoding = 4; lastKnownFileType = sourcecode.c.objc; path = SDWebImageCompat.m; sourceTree = "<group>"; };
		D8745B981B22D1360099D4EA /* SDWebImageDecoder.h */ = {isa = PBXFileReference; fileEncoding = 4; lastKnownFileType = sourcecode.c.h; path = SDWebImageDecoder.h; sourceTree = "<group>"; };
		D8745B991B22D1360099D4EA /* SDWebImageDecoder.m */ = {isa = PBXFileReference; fileEncoding = 4; lastKnownFileType = sourcecode.c.objc; path = SDWebImageDecoder.m; sourceTree = "<group>"; };
		D8745B9A1B22D1360099D4EA /* SDWebImageDownloader.h */ = {isa = PBXFileReference; fileEncoding = 4; lastKnownFileType = sourcecode.c.h; path = SDWebImageDownloader.h; sourceTree = "<group>"; };
		D8745B9B1B22D1360099D4EA /* SDWebImageDownloader.m */ = {isa = PBXFileReference; fileEncoding = 4; lastKnownFileType = sourcecode.c.objc; path = SDWebImageDownloader.m; sourceTree = "<group>"; };
		D8745B9C1B22D1360099D4EA /* SDWebImageDownloaderOperation.h */ = {isa = PBXFileReference; fileEncoding = 4; lastKnownFileType = sourcecode.c.h; path = SDWebImageDownloaderOperation.h; sourceTree = "<group>"; };
		D8745B9D1B22D1360099D4EA /* SDWebImageDownloaderOperation.m */ = {isa = PBXFileReference; fileEncoding = 4; lastKnownFileType = sourcecode.c.objc; path = SDWebImageDownloaderOperation.m; sourceTree = "<group>"; };
		D8745B9E1B22D1360099D4EA /* SDWebImageManager.h */ = {isa = PBXFileReference; fileEncoding = 4; lastKnownFileType = sourcecode.c.h; path = SDWebImageManager.h; sourceTree = "<group>"; };
		D8745B9F1B22D1360099D4EA /* SDWebImageManager.m */ = {isa = PBXFileReference; fileEncoding = 4; lastKnownFileType = sourcecode.c.objc; path = SDWebImageManager.m; sourceTree = "<group>"; };
		D8745BA01B22D1360099D4EA /* SDWebImageOperation.h */ = {isa = PBXFileReference; fileEncoding = 4; lastKnownFileType = sourcecode.c.h; path = SDWebImageOperation.h; sourceTree = "<group>"; };
		D8745BA11B22D1360099D4EA /* SDWebImagePrefetcher.h */ = {isa = PBXFileReference; fileEncoding = 4; lastKnownFileType = sourcecode.c.h; path = SDWebImagePrefetcher.h; sourceTree = "<group>"; };
		D8745BA21B22D1360099D4EA /* SDWebImagePrefetcher.m */ = {isa = PBXFileReference; fileEncoding = 4; lastKnownFileType = sourcecode.c.objc; path = SDWebImagePrefetcher.m; sourceTree = "<group>"; };
		D8745BA31B22D1360099D4EA /* UIButton+WebCache.h */ = {isa = PBXFileReference; fileEncoding = 4; lastKnownFileType = sourcecode.c.h; path = "UIButton+WebCache.h"; sourceTree = "<group>"; };
		D8745BA41B22D1360099D4EA /* UIButton+WebCache.m */ = {isa = PBXFileReference; fileEncoding = 4; lastKnownFileType = sourcecode.c.objc; path = "UIButton+WebCache.m"; sourceTree = "<group>"; };
		D8745BA51B22D1360099D4EA /* UIImage+GIF.h */ = {isa = PBXFileReference; fileEncoding = 4; lastKnownFileType = sourcecode.c.h; path = "UIImage+GIF.h"; sourceTree = "<group>"; };
		D8745BA61B22D1360099D4EA /* UIImage+GIF.m */ = {isa = PBXFileReference; fileEncoding = 4; lastKnownFileType = sourcecode.c.objc; path = "UIImage+GIF.m"; sourceTree = "<group>"; };
		D8745BA71B22D1360099D4EA /* UIImage+MultiFormat.h */ = {isa = PBXFileReference; fileEncoding = 4; lastKnownFileType = sourcecode.c.h; path = "UIImage+MultiFormat.h"; sourceTree = "<group>"; };
		D8745BA81B22D1360099D4EA /* UIImage+MultiFormat.m */ = {isa = PBXFileReference; fileEncoding = 4; lastKnownFileType = sourcecode.c.objc; path = "UIImage+MultiFormat.m"; sourceTree = "<group>"; };
		D8745BA91B22D1360099D4EA /* UIImage+WebP.h */ = {isa = PBXFileReference; fileEncoding = 4; lastKnownFileType = sourcecode.c.h; path = "UIImage+WebP.h"; sourceTree = "<group>"; };
		D8745BAA1B22D1360099D4EA /* UIImage+WebP.m */ = {isa = PBXFileReference; fileEncoding = 4; lastKnownFileType = sourcecode.c.objc; path = "UIImage+WebP.m"; sourceTree = "<group>"; };
		D8745BAB1B22D1360099D4EA /* UIImageView+HighlightedWebCache.h */ = {isa = PBXFileReference; fileEncoding = 4; lastKnownFileType = sourcecode.c.h; path = "UIImageView+HighlightedWebCache.h"; sourceTree = "<group>"; };
		D8745BAC1B22D1360099D4EA /* UIImageView+HighlightedWebCache.m */ = {isa = PBXFileReference; fileEncoding = 4; lastKnownFileType = sourcecode.c.objc; path = "UIImageView+HighlightedWebCache.m"; sourceTree = "<group>"; };
		D8745BAD1B22D1360099D4EA /* UIImageView+WebCache.h */ = {isa = PBXFileReference; fileEncoding = 4; lastKnownFileType = sourcecode.c.h; path = "UIImageView+WebCache.h"; sourceTree = "<group>"; };
		D8745BAE1B22D1360099D4EA /* UIImageView+WebCache.m */ = {isa = PBXFileReference; fileEncoding = 4; lastKnownFileType = sourcecode.c.objc; path = "UIImageView+WebCache.m"; sourceTree = "<group>"; };
		D8745BAF1B22D1360099D4EA /* UIView+WebCacheOperation.h */ = {isa = PBXFileReference; fileEncoding = 4; lastKnownFileType = sourcecode.c.h; path = "UIView+WebCacheOperation.h"; sourceTree = "<group>"; };
		D8745BB01B22D1360099D4EA /* UIView+WebCacheOperation.m */ = {isa = PBXFileReference; fileEncoding = 4; lastKnownFileType = sourcecode.c.objc; path = "UIView+WebCacheOperation.m"; sourceTree = "<group>"; };
		D8745BC21B22D1F20099D4EA /* UIView+Extensions.h */ = {isa = PBXFileReference; fileEncoding = 4; lastKnownFileType = sourcecode.c.h; path = "UIView+Extensions.h"; sourceTree = "<group>"; };
		D8745BC31B22D1F20099D4EA /* UIView+Extensions.m */ = {isa = PBXFileReference; fileEncoding = 4; lastKnownFileType = sourcecode.c.objc; path = "UIView+Extensions.m"; sourceTree = "<group>"; };
		D8745BC91B22DA1B0099D4EA /* Modules.plist */ = {isa = PBXFileReference; fileEncoding = 4; lastKnownFileType = text.plist.xml; path = Modules.plist; sourceTree = "<group>"; };
		D8745BCB1B22DD710099D4EA /* BDBBaseViewController.h */ = {isa = PBXFileReference; fileEncoding = 4; lastKnownFileType = sourcecode.c.h; path = BDBBaseViewController.h; sourceTree = "<group>"; };
		D8745BCC1B22DD710099D4EA /* BDBBaseViewController.m */ = {isa = PBXFileReference; fileEncoding = 4; lastKnownFileType = sourcecode.c.objc; path = BDBBaseViewController.m; sourceTree = "<group>"; };
		D8745C781B24272E0099D4EA /* ZXLNavigationController.h */ = {isa = PBXFileReference; fileEncoding = 4; lastKnownFileType = sourcecode.c.h; name = ZXLNavigationController.h; path = ../../Extension/ZXLNavigationController.h; sourceTree = "<group>"; };
		D8745C791B24272E0099D4EA /* ZXLNavigationController.m */ = {isa = PBXFileReference; fileEncoding = 4; lastKnownFileType = sourcecode.c.objc; name = ZXLNavigationController.m; path = ../../Extension/ZXLNavigationController.m; sourceTree = "<group>"; };
		D8745C7B1B242F9F0099D4EA /* UIBarButtonItem+Extensions.h */ = {isa = PBXFileReference; fileEncoding = 4; lastKnownFileType = sourcecode.c.h; path = "UIBarButtonItem+Extensions.h"; sourceTree = "<group>"; };
		D8745C7C1B242F9F0099D4EA /* UIBarButtonItem+Extensions.m */ = {isa = PBXFileReference; fileEncoding = 4; lastKnownFileType = sourcecode.c.objc; path = "UIBarButtonItem+Extensions.m"; sourceTree = "<group>"; };
		D8745C7E1B2434C30099D4EA /* UIButton+Extensions.h */ = {isa = PBXFileReference; fileEncoding = 4; lastKnownFileType = sourcecode.c.h; path = "UIButton+Extensions.h"; sourceTree = "<group>"; };
		D8745C7F1B2434C30099D4EA /* UIButton+Extensions.m */ = {isa = PBXFileReference; fileEncoding = 4; lastKnownFileType = sourcecode.c.objc; path = "UIButton+Extensions.m"; sourceTree = "<group>"; };
		D8745C851B244BD90099D4EA /* ZXLNavigationBar.h */ = {isa = PBXFileReference; fileEncoding = 4; lastKnownFileType = sourcecode.c.h; path = ZXLNavigationBar.h; sourceTree = "<group>"; };
		D8745C861B244BD90099D4EA /* ZXLNavigationBar.m */ = {isa = PBXFileReference; fileEncoding = 4; lastKnownFileType = sourcecode.c.objc; path = ZXLNavigationBar.m; sourceTree = "<group>"; };
		D874CC831B2E6C5800CFCE57 /* UITableView+FDTemplateLayoutCell.h */ = {isa = PBXFileReference; fileEncoding = 4; lastKnownFileType = sourcecode.c.h; path = "UITableView+FDTemplateLayoutCell.h"; sourceTree = "<group>"; };
		D874CC841B2E6C5800CFCE57 /* UITableView+FDTemplateLayoutCell.m */ = {isa = PBXFileReference; fileEncoding = 4; lastKnownFileType = sourcecode.c.objc; path = "UITableView+FDTemplateLayoutCell.m"; sourceTree = "<group>"; };
		D874CC921B2EA8F100CFCE57 /* GlobalConfigurations.h */ = {isa = PBXFileReference; fileEncoding = 4; lastKnownFileType = sourcecode.c.h; path = GlobalConfigurations.h; sourceTree = "<group>"; };
		D874CC931B2EA8F100CFCE57 /* GlobalConfigurations.m */ = {isa = PBXFileReference; fileEncoding = 4; lastKnownFileType = sourcecode.c.objc; path = GlobalConfigurations.m; sourceTree = "<group>"; };
		D874CCD01B2EC37700CFCE57 /* BDBIndexViewController.h */ = {isa = PBXFileReference; fileEncoding = 4; lastKnownFileType = sourcecode.c.h; path = BDBIndexViewController.h; sourceTree = "<group>"; };
		D874CCD11B2EC37700CFCE57 /* BDBIndexViewController.m */ = {isa = PBXFileReference; fileEncoding = 4; lastKnownFileType = sourcecode.c.objc; path = BDBIndexViewController.m; sourceTree = "<group>"; };
		D874CCD21B2EC37700CFCE57 /* BDBNoticeViewController.h */ = {isa = PBXFileReference; fileEncoding = 4; lastKnownFileType = sourcecode.c.h; path = BDBNoticeViewController.h; sourceTree = "<group>"; };
		D874CCD31B2EC37700CFCE57 /* BDBNoticeViewController.m */ = {isa = PBXFileReference; fileEncoding = 4; lastKnownFileType = sourcecode.c.objc; path = BDBNoticeViewController.m; sourceTree = "<group>"; };
		D874CCE41B2EC37700CFCE57 /* BDBWarningViewController.h */ = {isa = PBXFileReference; fileEncoding = 4; lastKnownFileType = sourcecode.c.h; path = BDBWarningViewController.h; sourceTree = "<group>"; };
		D874CCE51B2EC37700CFCE57 /* BDBWarningViewController.m */ = {isa = PBXFileReference; fileEncoding = 4; lastKnownFileType = sourcecode.c.objc; path = BDBWarningViewController.m; sourceTree = "<group>"; };
		D874CCF21B2EC3EA00CFCE57 /* Index.storyboard */ = {isa = PBXFileReference; fileEncoding = 4; lastKnownFileType = file.storyboard; path = Index.storyboard; sourceTree = "<group>"; };
		D874CCF51B2EC50700CFCE57 /* BDBNoticeTableViewCell.h */ = {isa = PBXFileReference; fileEncoding = 4; lastKnownFileType = sourcecode.c.h; path = BDBNoticeTableViewCell.h; sourceTree = "<group>"; };
		D874CCF61B2EC50700CFCE57 /* BDBNoticeTableViewCell.m */ = {isa = PBXFileReference; fileEncoding = 4; lastKnownFileType = sourcecode.c.objc; path = BDBNoticeTableViewCell.m; sourceTree = "<group>"; };
		D874CCF71B2EC50700CFCE57 /* BDBNoticeTableViewCell.xib */ = {isa = PBXFileReference; fileEncoding = 4; lastKnownFileType = file.xib; path = BDBNoticeTableViewCell.xib; sourceTree = "<group>"; };
		D874CCFA1B2EC5A400CFCE57 /* Discovery.storyboard */ = {isa = PBXFileReference; fileEncoding = 4; lastKnownFileType = file.storyboard; path = Discovery.storyboard; sourceTree = "<group>"; };
		D874CCFF1B2EC68C00CFCE57 /* BDBDiscoveryViewController.h */ = {isa = PBXFileReference; fileEncoding = 4; lastKnownFileType = sourcecode.c.h; path = BDBDiscoveryViewController.h; sourceTree = "<group>"; };
		D874CD001B2EC68C00CFCE57 /* BDBDiscoveryViewController.m */ = {isa = PBXFileReference; fileEncoding = 4; lastKnownFileType = sourcecode.c.objc; path = BDBDiscoveryViewController.m; sourceTree = "<group>"; };
		D874CD041B2EC79C00CFCE57 /* User.storyboard */ = {isa = PBXFileReference; fileEncoding = 4; lastKnownFileType = file.storyboard; path = User.storyboard; sourceTree = "<group>"; };
		D874CD061B2EC7AE00CFCE57 /* Warning.storyboard */ = {isa = PBXFileReference; fileEncoding = 4; lastKnownFileType = file.storyboard; path = Warning.storyboard; sourceTree = "<group>"; };
/* End PBXFileReference section */

/* Begin PBXFrameworksBuildPhase section */
		D8225DBF1B21524900102B9A /* Frameworks */ = {
			isa = PBXFrameworksBuildPhase;
			buildActionMask = 2147483647;
			files = (
			);
			runOnlyForDeploymentPostprocessing = 0;
		};
		D8225DD81B21524900102B9A /* Frameworks */ = {
			isa = PBXFrameworksBuildPhase;
			buildActionMask = 2147483647;
			files = (
			);
			runOnlyForDeploymentPostprocessing = 0;
		};
/* End PBXFrameworksBuildPhase section */

/* Begin PBXGroup section */
		D80895AB1B25C2E500A7B1A4 /* FLAnimatedImage */ = {
			isa = PBXGroup;
			children = (
				D80895AC1B25C2E500A7B1A4 /* FLAnimatedImage.h */,
				D80895AD1B25C2E500A7B1A4 /* FLAnimatedImage.m */,
				D80895AE1B25C2E500A7B1A4 /* FLAnimatedImageView.h */,
				D80895AF1B25C2E500A7B1A4 /* FLAnimatedImageView.m */,
			);
			path = FLAnimatedImage;
			sourceTree = "<group>";
		};
		D813EDDD1B2FC3AD00606D60 /* Feature */ = {
			isa = PBXGroup;
			children = (
				D813EDE61B2FF49E00606D60 /* Feature.storyboard */,
				D813EDDE1B2FC3AD00606D60 /* Controller */,
				D813EDE01B2FC3AD00606D60 /* View */,
			);
			path = Feature;
			sourceTree = "<group>";
		};
		D813EDDE1B2FC3AD00606D60 /* Controller */ = {
			isa = PBXGroup;
			children = (
				D813EDE11B2FC3E400606D60 /* BDBFeatureViewController.h */,
				D813EDE21B2FC3E400606D60 /* BDBFeatureViewController.m */,
			);
			path = Controller;
			sourceTree = "<group>";
		};
		D813EDE01B2FC3AD00606D60 /* View */ = {
			isa = PBXGroup;
			children = (
			);
			path = View;
			sourceTree = "<group>";
		};
		D81FB3171B3CF5CA0063AFC6 /* MJRefresh */ = {
			isa = PBXGroup;
			children = (
				D81FB3181B3CF5CA0063AFC6 /* Base */,
				D81FB3231B3CF5CA0063AFC6 /* Custom */,
				D81FB33A1B3CF5CA0063AFC6 /* MJRefresh.bundle */,
				D81FB33B1B3CF5CA0063AFC6 /* MJRefresh.h */,
				D81FB33C1B3CF5CA0063AFC6 /* MJRefreshConst.h */,
				D81FB33D1B3CF5CA0063AFC6 /* MJRefreshConst.m */,
				D81FB33E1B3CF5CA0063AFC6 /* UIScrollView+MJExtension.h */,
				D81FB33F1B3CF5CA0063AFC6 /* UIScrollView+MJExtension.m */,
				D81FB3401B3CF5CA0063AFC6 /* UIScrollView+MJRefresh.h */,
				D81FB3411B3CF5CA0063AFC6 /* UIScrollView+MJRefresh.m */,
				D81FB3421B3CF5CA0063AFC6 /* UIView+MJExtension.h */,
				D81FB3431B3CF5CA0063AFC6 /* UIView+MJExtension.m */,
			);
			path = MJRefresh;
			sourceTree = "<group>";
		};
		D81FB3181B3CF5CA0063AFC6 /* Base */ = {
			isa = PBXGroup;
			children = (
				D81FB3191B3CF5CA0063AFC6 /* MJRefreshAutoFooter.h */,
				D81FB31A1B3CF5CA0063AFC6 /* MJRefreshAutoFooter.m */,
				D81FB31B1B3CF5CA0063AFC6 /* MJRefreshBackFooter.h */,
				D81FB31C1B3CF5CA0063AFC6 /* MJRefreshBackFooter.m */,
				D81FB31D1B3CF5CA0063AFC6 /* MJRefreshComponent.h */,
				D81FB31E1B3CF5CA0063AFC6 /* MJRefreshComponent.m */,
				D81FB31F1B3CF5CA0063AFC6 /* MJRefreshFooter.h */,
				D81FB3201B3CF5CA0063AFC6 /* MJRefreshFooter.m */,
				D81FB3211B3CF5CA0063AFC6 /* MJRefreshHeader.h */,
				D81FB3221B3CF5CA0063AFC6 /* MJRefreshHeader.m */,
			);
			path = Base;
			sourceTree = "<group>";
		};
		D81FB3231B3CF5CA0063AFC6 /* Custom */ = {
			isa = PBXGroup;
			children = (
				D81FB3241B3CF5CA0063AFC6 /* Footer */,
				D81FB3331B3CF5CA0063AFC6 /* Header */,
			);
			path = Custom;
			sourceTree = "<group>";
		};
		D81FB3241B3CF5CA0063AFC6 /* Footer */ = {
			isa = PBXGroup;
			children = (
				D81FB3251B3CF5CA0063AFC6 /* Auto */,
				D81FB32C1B3CF5CA0063AFC6 /* Back */,
			);
			path = Footer;
			sourceTree = "<group>";
		};
		D81FB3251B3CF5CA0063AFC6 /* Auto */ = {
			isa = PBXGroup;
			children = (
				D81FB3261B3CF5CA0063AFC6 /* MJRefreshAutoGifFooter.h */,
				D81FB3271B3CF5CA0063AFC6 /* MJRefreshAutoGifFooter.m */,
				D81FB3281B3CF5CA0063AFC6 /* MJRefreshAutoNormalFooter.h */,
				D81FB3291B3CF5CA0063AFC6 /* MJRefreshAutoNormalFooter.m */,
				D81FB32A1B3CF5CA0063AFC6 /* MJRefreshAutoStateFooter.h */,
				D81FB32B1B3CF5CA0063AFC6 /* MJRefreshAutoStateFooter.m */,
			);
			path = Auto;
			sourceTree = "<group>";
		};
		D81FB32C1B3CF5CA0063AFC6 /* Back */ = {
			isa = PBXGroup;
			children = (
				D81FB32D1B3CF5CA0063AFC6 /* MJRefreshBackGifFooter.h */,
				D81FB32E1B3CF5CA0063AFC6 /* MJRefreshBackGifFooter.m */,
				D81FB32F1B3CF5CA0063AFC6 /* MJRefreshBackNormalFooter.h */,
				D81FB3301B3CF5CA0063AFC6 /* MJRefreshBackNormalFooter.m */,
				D81FB3311B3CF5CA0063AFC6 /* MJRefreshBackStateFooter.h */,
				D81FB3321B3CF5CA0063AFC6 /* MJRefreshBackStateFooter.m */,
			);
			path = Back;
			sourceTree = "<group>";
		};
		D81FB3331B3CF5CA0063AFC6 /* Header */ = {
			isa = PBXGroup;
			children = (
				D81FB3341B3CF5CA0063AFC6 /* MJRefreshGifHeader.h */,
				D81FB3351B3CF5CA0063AFC6 /* MJRefreshGifHeader.m */,
				D81FB3361B3CF5CA0063AFC6 /* MJRefreshNormalHeader.h */,
				D81FB3371B3CF5CA0063AFC6 /* MJRefreshNormalHeader.m */,
				D81FB3381B3CF5CA0063AFC6 /* MJRefreshStateHeader.h */,
				D81FB3391B3CF5CA0063AFC6 /* MJRefreshStateHeader.m */,
			);
			path = Header;
			sourceTree = "<group>";
		};
		D81FB3571B3CF6320063AFC6 /* MJExtension */ = {
			isa = PBXGroup;
			children = (
				D81FB3581B3CF6320063AFC6 /* MJConst.h */,
				D81FB3591B3CF6320063AFC6 /* MJConst.m */,
				D81FB35A1B3CF6320063AFC6 /* MJExtension.h */,
				D81FB35B1B3CF6320063AFC6 /* MJFoundation.h */,
				D81FB35C1B3CF6320063AFC6 /* MJFoundation.m */,
				D81FB35D1B3CF6320063AFC6 /* MJProperty.h */,
				D81FB35E1B3CF6320063AFC6 /* MJProperty.m */,
				D81FB35F1B3CF6320063AFC6 /* MJType.h */,
				D81FB3601B3CF6320063AFC6 /* MJType.m */,
				D81FB3611B3CF6320063AFC6 /* NSObject+MJCoding.h */,
				D81FB3621B3CF6320063AFC6 /* NSObject+MJCoding.m */,
				D81FB3631B3CF6320063AFC6 /* NSObject+MJKeyValue.h */,
				D81FB3641B3CF6320063AFC6 /* NSObject+MJKeyValue.m */,
				D81FB3651B3CF6320063AFC6 /* NSObject+MJProperty.h */,
				D81FB3661B3CF6320063AFC6 /* NSObject+MJProperty.m */,
				D81FB3671B3CF6320063AFC6 /* NSString+MJExtension.h */,
				D81FB3681B3CF6320063AFC6 /* NSString+MJExtension.m */,
			);
			path = MJExtension;
			sourceTree = "<group>";
		};
		D81FB3711B3CF7860063AFC6 /* Model */ = {
			isa = PBXGroup;
			children = (
				D81FB3721B3CF7BA0063AFC6 /* BDBNoticeResponseModel.h */,
				D81FB3731B3CF7BA0063AFC6 /* BDBNoticeResponseModel.m */,
				D81FB3781B3CF96C0063AFC6 /* BDBNoticeModel.h */,
				D81FB3791B3CF96C0063AFC6 /* BDBNoticeModel.m */,
			);
			path = Model;
			sourceTree = "<group>";
		};
		D8225DB91B21524900102B9A = {
			isa = PBXGroup;
			children = (
				D8225DC41B21524900102B9A /* BiDaiBao(比贷宝) */,
				D8225DDE1B21524900102B9A /* BiDaiBao(比贷宝)Tests */,
				D8225DC31B21524900102B9A /* Products */,
			);
			sourceTree = "<group>";
		};
		D8225DC31B21524900102B9A /* Products */ = {
			isa = PBXGroup;
			children = (
				D8225DC21B21524900102B9A /* BiDaiBao(比贷宝).app */,
				D8225DDB1B21524900102B9A /* BiDaiBao(比贷宝)Tests.xctest */,
			);
			name = Products;
			sourceTree = "<group>";
		};
		D8225DC41B21524900102B9A /* BiDaiBao(比贷宝) */ = {
			isa = PBXGroup;
			children = (
				D8745B6F1B22CE5B0099D4EA /* Class */,
				D8225DC51B21524900102B9A /* Supporting Files */,
			);
			path = "BiDaiBao(比贷宝)";
			sourceTree = "<group>";
		};
		D8225DC51B21524900102B9A /* Supporting Files */ = {
			isa = PBXGroup;
			children = (
				D8225DEB1B216CE900102B9A /* AppDelegate.h */,
				D8225DEC1B216CE900102B9A /* AppDelegate.m */,
				D8225DD21B21524900102B9A /* Images.xcassets */,
				18446C391B413D0F0040AF01 /* siftButtons.plist */,
				D8225DC61B21524900102B9A /* Info.plist */,
				D8225DC71B21524900102B9A /* main.m */,
				D8225DEE1B216D5900102B9A /* BiDaiBao-Prefix.pch */,
				D8745BC91B22DA1B0099D4EA /* Modules.plist */,
				D874CC921B2EA8F100CFCE57 /* GlobalConfigurations.h */,
				D874CC931B2EA8F100CFCE57 /* GlobalConfigurations.m */,
			);
			name = "Supporting Files";
			sourceTree = "<group>";
		};
		D8225DDE1B21524900102B9A /* BiDaiBao(比贷宝)Tests */ = {
			isa = PBXGroup;
			children = (
				D8225DE11B21524900102B9A /* BiDaiBao_____Tests.m */,
				D8225DDF1B21524900102B9A /* Supporting Files */,
			);
			path = "BiDaiBao(比贷宝)Tests";
			sourceTree = "<group>";
		};
		D8225DDF1B21524900102B9A /* Supporting Files */ = {
			isa = PBXGroup;
			children = (
				D8225DE01B21524900102B9A /* Info.plist */,
			);
			name = "Supporting Files";
			sourceTree = "<group>";
		};
		D859C4721B33C4BC009EFDE0 /* Resources */ = {
			isa = PBXGroup;
			children = (
				D859C4731B33C4BC009EFDE0 /* Images */,
			);
			path = Resources;
			sourceTree = "<group>";
		};
		D859C4731B33C4BC009EFDE0 /* Images */ = {
			isa = PBXGroup;
			children = (
				D8533E6B1B3E98F60086EFEA /* index_adv.gif */,
				D81FB3151B3CF3200063AFC6 /* global_refreshdata_icon.gif */,
				D859C4751B33C4BC009EFDE0 /* global_loaddata_icon.gif */,
			);
			path = Images;
			sourceTree = "<group>";
		};
		D859C4781B33CAAA009EFDE0 /* View */ = {
			isa = PBXGroup;
			children = (
				D859C4791B33CBF1009EFDE0 /* ZXLLoadDataIndicatePage.h */,
				D859C47A1B33CBF1009EFDE0 /* ZXLLoadDataIndicatePage.m */,
				D81FB37B1B3D2E590063AFC6 /* BDBTableViewRefreshHeader.h */,
				D81FB37C1B3D2E590063AFC6 /* BDBTableViewRefreshHeader.m */,
				D81FB37E1B3D36470063AFC6 /* BDBTableViewRefreshFooter.h */,
				D81FB37F1B3D36470063AFC6 /* BDBTableViewRefreshFooter.m */,
			);
			path = View;
			sourceTree = "<group>";
		};
		D8745B6F1B22CE5B0099D4EA /* Class */ = {
			isa = PBXGroup;
			children = (
				D874CCC71B2EC37700CFCE57 /* Domain */,
				D8745B701B22CE5B0099D4EA /* Framework */,
				D859C4721B33C4BC009EFDE0 /* Resources */,
			);
			path = Class;
			sourceTree = "<group>";
		};
		D8745B701B22CE5B0099D4EA /* Framework */ = {
			isa = PBXGroup;
			children = (
				D859C4781B33CAAA009EFDE0 /* View */,
				D8745BC51B22D9B00099D4EA /* Base */,
				D8745BC11B22D1A00099D4EA /* Extension */,
				D8745B711B22D03E0099D4EA /* Library */,
			);
			path = Framework;
			sourceTree = "<group>";
		};
		D8745B711B22D03E0099D4EA /* Library */ = {
			isa = PBXGroup;
			children = (
				D81FB3571B3CF6320063AFC6 /* MJExtension */,
				D81FB3171B3CF5CA0063AFC6 /* MJRefresh */,
				D80895AB1B25C2E500A7B1A4 /* FLAnimatedImage */,
				D8745B8F1B22D1360099D4EA /* SDWebImage */,
				D8745B721B22D12C0099D4EA /* AFNetworking */,
				D874CC821B2E6C5800CFCE57 /* UITableView-FDTemplateLayoutCel */,
			);
			path = Library;
			sourceTree = "<group>";
		};
		D8745B721B22D12C0099D4EA /* AFNetworking */ = {
			isa = PBXGroup;
			children = (
				D8745B731B22D12C0099D4EA /* AFHTTPRequestOperation.h */,
				D8745B741B22D12C0099D4EA /* AFHTTPRequestOperation.m */,
				D8745B751B22D12C0099D4EA /* AFHTTPRequestOperationManager.h */,
				D8745B761B22D12C0099D4EA /* AFHTTPRequestOperationManager.m */,
				D8745B771B22D12C0099D4EA /* AFHTTPSessionManager.h */,
				D8745B781B22D12C0099D4EA /* AFHTTPSessionManager.m */,
				D8745B791B22D12C0099D4EA /* AFNetworking.h */,
				D8745B7A1B22D12C0099D4EA /* AFNetworkReachabilityManager.h */,
				D8745B7B1B22D12C0099D4EA /* AFNetworkReachabilityManager.m */,
				D8745B7C1B22D12C0099D4EA /* AFSecurityPolicy.h */,
				D8745B7D1B22D12C0099D4EA /* AFSecurityPolicy.m */,
				D8745B7E1B22D12C0099D4EA /* AFURLConnectionOperation.h */,
				D8745B7F1B22D12C0099D4EA /* AFURLConnectionOperation.m */,
				D8745B801B22D12C0099D4EA /* AFURLRequestSerialization.h */,
				D8745B811B22D12C0099D4EA /* AFURLRequestSerialization.m */,
				D8745B821B22D12C0099D4EA /* AFURLResponseSerialization.h */,
				D8745B831B22D12C0099D4EA /* AFURLResponseSerialization.m */,
				D8745B841B22D12C0099D4EA /* AFURLSessionManager.h */,
				D8745B851B22D12C0099D4EA /* AFURLSessionManager.m */,
			);
			path = AFNetworking;
			sourceTree = "<group>";
		};
		D8745B8F1B22D1360099D4EA /* SDWebImage */ = {
			isa = PBXGroup;
			children = (
				D8745B901B22D1360099D4EA /* MKAnnotationView+WebCache.h */,
				D8745B911B22D1360099D4EA /* MKAnnotationView+WebCache.m */,
				D8745B921B22D1360099D4EA /* NSData+ImageContentType.h */,
				D8745B931B22D1360099D4EA /* NSData+ImageContentType.m */,
				D8745B941B22D1360099D4EA /* SDImageCache.h */,
				D8745B951B22D1360099D4EA /* SDImageCache.m */,
				D8745B961B22D1360099D4EA /* SDWebImageCompat.h */,
				D8745B971B22D1360099D4EA /* SDWebImageCompat.m */,
				D8745B981B22D1360099D4EA /* SDWebImageDecoder.h */,
				D8745B991B22D1360099D4EA /* SDWebImageDecoder.m */,
				D8745B9A1B22D1360099D4EA /* SDWebImageDownloader.h */,
				D8745B9B1B22D1360099D4EA /* SDWebImageDownloader.m */,
				D8745B9C1B22D1360099D4EA /* SDWebImageDownloaderOperation.h */,
				D8745B9D1B22D1360099D4EA /* SDWebImageDownloaderOperation.m */,
				D8745B9E1B22D1360099D4EA /* SDWebImageManager.h */,
				D8745B9F1B22D1360099D4EA /* SDWebImageManager.m */,
				D8745BA01B22D1360099D4EA /* SDWebImageOperation.h */,
				D8745BA11B22D1360099D4EA /* SDWebImagePrefetcher.h */,
				D8745BA21B22D1360099D4EA /* SDWebImagePrefetcher.m */,
				D8745BA31B22D1360099D4EA /* UIButton+WebCache.h */,
				D8745BA41B22D1360099D4EA /* UIButton+WebCache.m */,
				D8745BA51B22D1360099D4EA /* UIImage+GIF.h */,
				D8745BA61B22D1360099D4EA /* UIImage+GIF.m */,
				D8745BA71B22D1360099D4EA /* UIImage+MultiFormat.h */,
				D8745BA81B22D1360099D4EA /* UIImage+MultiFormat.m */,
				D8745BA91B22D1360099D4EA /* UIImage+WebP.h */,
				D8745BAA1B22D1360099D4EA /* UIImage+WebP.m */,
				D8745BAB1B22D1360099D4EA /* UIImageView+HighlightedWebCache.h */,
				D8745BAC1B22D1360099D4EA /* UIImageView+HighlightedWebCache.m */,
				D8745BAD1B22D1360099D4EA /* UIImageView+WebCache.h */,
				D8745BAE1B22D1360099D4EA /* UIImageView+WebCache.m */,
				D8745BAF1B22D1360099D4EA /* UIView+WebCacheOperation.h */,
				D8745BB01B22D1360099D4EA /* UIView+WebCacheOperation.m */,
			);
			path = SDWebImage;
			sourceTree = "<group>";
		};
		D8745BC11B22D1A00099D4EA /* Extension */ = {
			isa = PBXGroup;
			children = (
				D8745BC21B22D1F20099D4EA /* UIView+Extensions.h */,
				D8745BC31B22D1F20099D4EA /* UIView+Extensions.m */,
				D8745C7B1B242F9F0099D4EA /* UIBarButtonItem+Extensions.h */,
				D8745C7C1B242F9F0099D4EA /* UIBarButtonItem+Extensions.m */,
				D8745C7E1B2434C30099D4EA /* UIButton+Extensions.h */,
				D8745C7F1B2434C30099D4EA /* UIButton+Extensions.m */,
			);
			path = Extension;
			sourceTree = "<group>";
		};
		D8745BC51B22D9B00099D4EA /* Base */ = {
			isa = PBXGroup;
			children = (
				D8745BC61B22D9B00099D4EA /* Controller */,
				D8745BC71B22D9B00099D4EA /* Model */,
				D8745BC81B22D9B00099D4EA /* View */,
			);
			path = Base;
			sourceTree = "<group>";
		};
		D8745BC61B22D9B00099D4EA /* Controller */ = {
			isa = PBXGroup;
			children = (
				D8745BCB1B22DD710099D4EA /* BDBBaseViewController.h */,
				D8745BCC1B22DD710099D4EA /* BDBBaseViewController.m */,
				D8745C781B24272E0099D4EA /* ZXLNavigationController.h */,
				D8745C791B24272E0099D4EA /* ZXLNavigationController.m */,
			);
			path = Controller;
			sourceTree = "<group>";
		};
		D8745BC71B22D9B00099D4EA /* Model */ = {
			isa = PBXGroup;
			children = (
			);
			path = Model;
			sourceTree = "<group>";
		};
		D8745BC81B22D9B00099D4EA /* View */ = {
			isa = PBXGroup;
			children = (
				D8745C851B244BD90099D4EA /* ZXLNavigationBar.h */,
				D8745C861B244BD90099D4EA /* ZXLNavigationBar.m */,
			);
			path = View;
			sourceTree = "<group>";
		};
		D874CC821B2E6C5800CFCE57 /* UITableView-FDTemplateLayoutCel */ = {
			isa = PBXGroup;
			children = (
				D874CC831B2E6C5800CFCE57 /* UITableView+FDTemplateLayoutCell.h */,
				D874CC841B2E6C5800CFCE57 /* UITableView+FDTemplateLayoutCell.m */,
			);
			path = "UITableView-FDTemplateLayoutCel";
			sourceTree = "<group>";
		};
		D874CCC71B2EC37700CFCE57 /* Domain */ = {
			isa = PBXGroup;
			children = (
				D813EDDD1B2FC3AD00606D60 /* Feature */,
				D874CCC81B2EC37700CFCE57 /* Discovery */,
				D874CCCE1B2EC37700CFCE57 /* Index */,
				D874CCD81B2EC37700CFCE57 /* Subject */,
				D874CCDE1B2EC37700CFCE57 /* User */,
				D874CCE21B2EC37700CFCE57 /* Warning */,
			);
			path = Domain;
			sourceTree = "<group>";
		};
		D874CCC81B2EC37700CFCE57 /* Discovery */ = {
			isa = PBXGroup;
			children = (
				D874CCFA1B2EC5A400CFCE57 /* Discovery.storyboard */,
				D874CCC91B2EC37700CFCE57 /* Controller */,
				D874CCCC1B2EC37700CFCE57 /* Model */,
				D874CCCD1B2EC37700CFCE57 /* View */,
			);
			path = Discovery;
			sourceTree = "<group>";
		};
		D874CCC91B2EC37700CFCE57 /* Controller */ = {
			isa = PBXGroup;
			children = (
				D874CCFF1B2EC68C00CFCE57 /* BDBDiscoveryViewController.h */,
				D874CD001B2EC68C00CFCE57 /* BDBDiscoveryViewController.m */,
			);
			path = Controller;
			sourceTree = "<group>";
		};
		D874CCCC1B2EC37700CFCE57 /* Model */ = {
			isa = PBXGroup;
			children = (
			);
			path = Model;
			sourceTree = "<group>";
		};
		D874CCCD1B2EC37700CFCE57 /* View */ = {
			isa = PBXGroup;
			children = (
			);
			path = View;
			sourceTree = "<group>";
		};
		D874CCCE1B2EC37700CFCE57 /* Index */ = {
			isa = PBXGroup;
			children = (
				D874CCF21B2EC3EA00CFCE57 /* Index.storyboard */,
				D874CCCF1B2EC37700CFCE57 /* Controller */,
				D874CCF41B2EC4D900CFCE57 /* View */,
				D81FB3711B3CF7860063AFC6 /* Model */,
			);
			path = Index;
			sourceTree = "<group>";
		};
		D874CCCF1B2EC37700CFCE57 /* Controller */ = {
			isa = PBXGroup;
			children = (
				D874CCD01B2EC37700CFCE57 /* BDBIndexViewController.h */,
				D874CCD11B2EC37700CFCE57 /* BDBIndexViewController.m */,
				D874CCD21B2EC37700CFCE57 /* BDBNoticeViewController.h */,
				D874CCD31B2EC37700CFCE57 /* BDBNoticeViewController.m */,
				D8533E5D1B3E46A10086EFEA /* BDBNoticeDetailViewController.h */,
				D8533E5E1B3E46A10086EFEA /* BDBNoticeDetailViewController.m */,
			);
			path = Controller;
			sourceTree = "<group>";
		};
		D874CCD81B2EC37700CFCE57 /* Subject */ = {
			isa = PBXGroup;
			children = (
				18446C181B413BB90040AF01 /* Subject.storyboard */,
				D874CCD91B2EC37700CFCE57 /* Controller */,
				D874CCDC1B2EC37700CFCE57 /* Model */,
				D874CCDD1B2EC37700CFCE57 /* View */,
			);
			path = Subject;
			sourceTree = "<group>";
		};
		D874CCD91B2EC37700CFCE57 /* Controller */ = {
			isa = PBXGroup;
			children = (
				18446C1A1B413C2E0040AF01 /* BDBSubjectViewController.h */,
				18446C1B1B413C2E0040AF01 /* BDBSubjectViewController.m */,
			);
			path = Controller;
			sourceTree = "<group>";
		};
		D874CCDC1B2EC37700CFCE57 /* Model */ = {
			isa = PBXGroup;
			children = (
				18446C301B413C860040AF01 /* BDBSiftButtonInfoModel.h */,
				18446C311B413C860040AF01 /* BDBSiftButtonInfoModel.m */,
				18446C321B413C860040AF01 /* BDBSujectRespondModel.h */,
				18446C331B413C860040AF01 /* BDBSujectRespondModel.m */,
				18446C341B413C860040AF01 /* BDBSujectModel.m */,
				18446C351B413C860040AF01 /* BDBSujectModel.h */,
			);
			path = Model;
			sourceTree = "<group>";
		};
		D874CCDD1B2EC37700CFCE57 /* View */ = {
			isa = PBXGroup;
			children = (
				18446C1D1B413C6D0040AF01 /* BDBButtonForSift.h */,
				18446C1E1B413C6D0040AF01 /* BDBButtonForSift.m */,
				18446C1F1B413C6D0040AF01 /* BDBTableViewCell_Sift.h */,
				18446C201B413C6D0040AF01 /* BDBTableViewCell_Sift.m */,
				18446C211B413C6D0040AF01 /* BDBTableViewCell_Sift.xib */,
				18446C221B413C6D0040AF01 /* BDBTableViewCell.h */,
				18446C231B413C6D0040AF01 /* BDBTableViewCell.m */,
				18446C241B413C6D0040AF01 /* BDBTableViewCell.xib */,
				18446C251B413C6D0040AF01 /* MOProgressView.h */,
				18446C261B413C6D0040AF01 /* MOProgressView.m */,
				18446C271B413C6D0040AF01 /* BDBButtonForTopView.h */,
				18446C281B413C6D0040AF01 /* BDBButtonForTopView.m */,
			);
			path = View;
			sourceTree = "<group>";
		};
		D874CCDE1B2EC37700CFCE57 /* User */ = {
			isa = PBXGroup;
			children = (
				D874CD041B2EC79C00CFCE57 /* User.storyboard */,
				D874CCDF1B2EC37700CFCE57 /* Controller */,
				D874CCE01B2EC37700CFCE57 /* Model */,
				D874CCE11B2EC37700CFCE57 /* View */,
			);
			path = User;
			sourceTree = "<group>";
		};
		D874CCDF1B2EC37700CFCE57 /* Controller */ = {
			isa = PBXGroup;
			children = (
			);
			path = Controller;
			sourceTree = "<group>";
		};
		D874CCE01B2EC37700CFCE57 /* Model */ = {
			isa = PBXGroup;
			children = (
			);
			path = Model;
			sourceTree = "<group>";
		};
		D874CCE11B2EC37700CFCE57 /* View */ = {
			isa = PBXGroup;
			children = (
			);
			path = View;
			sourceTree = "<group>";
		};
		D874CCE21B2EC37700CFCE57 /* Warning */ = {
			isa = PBXGroup;
			children = (
				D874CD061B2EC7AE00CFCE57 /* Warning.storyboard */,
				D874CCE31B2EC37700CFCE57 /* Controller */,
				D874CCE61B2EC37700CFCE57 /* Model */,
				D874CCE71B2EC37700CFCE57 /* View */,
			);
			path = Warning;
			sourceTree = "<group>";
		};
		D874CCE31B2EC37700CFCE57 /* Controller */ = {
			isa = PBXGroup;
			children = (
				D874CCE41B2EC37700CFCE57 /* BDBWarningViewController.h */,
				D874CCE51B2EC37700CFCE57 /* BDBWarningViewController.m */,
			);
			path = Controller;
			sourceTree = "<group>";
		};
		D874CCE61B2EC37700CFCE57 /* Model */ = {
			isa = PBXGroup;
			children = (
			);
			path = Model;
			sourceTree = "<group>";
		};
		D874CCE71B2EC37700CFCE57 /* View */ = {
			isa = PBXGroup;
			children = (
			);
			path = View;
			sourceTree = "<group>";
		};
		D874CCF41B2EC4D900CFCE57 /* View */ = {
			isa = PBXGroup;
			children = (
				D874CCF51B2EC50700CFCE57 /* BDBNoticeTableViewCell.h */,
				D874CCF61B2EC50700CFCE57 /* BDBNoticeTableViewCell.m */,
				D874CCF71B2EC50700CFCE57 /* BDBNoticeTableViewCell.xib */,
				D8533E661B3E8AE30086EFEA /* BDBIndexTableViewHeader.h */,
				D8533E671B3E8AE30086EFEA /* BDBIndexTableViewHeader.m */,
			);
			path = View;
			sourceTree = "<group>";
		};
/* End PBXGroup section */

/* Begin PBXNativeTarget section */
		D8225DC11B21524900102B9A /* BiDaiBao(比贷宝) */ = {
			isa = PBXNativeTarget;
			buildConfigurationList = D8225DE51B21524900102B9A /* Build configuration list for PBXNativeTarget "BiDaiBao(比贷宝)" */;
			buildPhases = (
				D8225DBE1B21524900102B9A /* Sources */,
				D8225DBF1B21524900102B9A /* Frameworks */,
				D8225DC01B21524900102B9A /* Resources */,
			);
			buildRules = (
			);
			dependencies = (
			);
			name = "BiDaiBao(比贷宝)";
			productName = "BiDaiBao(比贷宝)";
			productReference = D8225DC21B21524900102B9A /* BiDaiBao(比贷宝).app */;
			productType = "com.apple.product-type.application";
		};
		D8225DDA1B21524900102B9A /* BiDaiBao(比贷宝)Tests */ = {
			isa = PBXNativeTarget;
			buildConfigurationList = D8225DE81B21524900102B9A /* Build configuration list for PBXNativeTarget "BiDaiBao(比贷宝)Tests" */;
			buildPhases = (
				D8225DD71B21524900102B9A /* Sources */,
				D8225DD81B21524900102B9A /* Frameworks */,
				D8225DD91B21524900102B9A /* Resources */,
			);
			buildRules = (
			);
			dependencies = (
				D8225DDD1B21524900102B9A /* PBXTargetDependency */,
			);
			name = "BiDaiBao(比贷宝)Tests";
			productName = "BiDaiBao(比贷宝)Tests";
			productReference = D8225DDB1B21524900102B9A /* BiDaiBao(比贷宝)Tests.xctest */;
			productType = "com.apple.product-type.bundle.unit-test";
		};
/* End PBXNativeTarget section */

/* Begin PBXProject section */
		D8225DBA1B21524900102B9A /* Project object */ = {
			isa = PBXProject;
			attributes = {
				LastUpgradeCheck = 0610;
				ORGANIZATIONNAME = "zhang xianglu";
				TargetAttributes = {
					D8225DC11B21524900102B9A = {
						CreatedOnToolsVersion = 6.1.1;
					};
					D8225DDA1B21524900102B9A = {
						CreatedOnToolsVersion = 6.1.1;
						TestTargetID = D8225DC11B21524900102B9A;
					};
				};
			};
			buildConfigurationList = D8225DBD1B21524900102B9A /* Build configuration list for PBXProject "BiDaiBao(比贷宝)" */;
			compatibilityVersion = "Xcode 3.2";
			developmentRegion = English;
			hasScannedForEncodings = 0;
			knownRegions = (
				en,
				Base,
			);
			mainGroup = D8225DB91B21524900102B9A;
			productRefGroup = D8225DC31B21524900102B9A /* Products */;
			projectDirPath = "";
			projectRoot = "";
			targets = (
				D8225DC11B21524900102B9A /* BiDaiBao(比贷宝) */,
				D8225DDA1B21524900102B9A /* BiDaiBao(比贷宝)Tests */,
			);
		};
/* End PBXProject section */

/* Begin PBXResourcesBuildPhase section */
		D8225DC01B21524900102B9A /* Resources */ = {
			isa = PBXResourcesBuildPhase;
			buildActionMask = 2147483647;
			files = (
				18446C3A1B413D0F0040AF01 /* siftButtons.plist in Resources */,
				D859C4771B33C4BC009EFDE0 /* global_loaddata_icon.gif in Resources */,
				18446C2D1B413C6D0040AF01 /* BDBTableViewCell.xib in Resources */,
				D874CCFB1B2EC5A400CFCE57 /* Discovery.storyboard in Resources */,
				D81FB3521B3CF5CA0063AFC6 /* MJRefresh.bundle in Resources */,
				D874CD071B2EC7AE00CFCE57 /* Warning.storyboard in Resources */,
				18446C2B1B413C6D0040AF01 /* BDBTableViewCell_Sift.xib in Resources */,
				D8745BCA1B22DA1B0099D4EA /* Modules.plist in Resources */,
				D81FB3161B3CF3200063AFC6 /* global_refreshdata_icon.gif in Resources */,
				D8533E6C1B3E98F60086EFEA /* index_adv.gif in Resources */,
				D874CCF31B2EC3EA00CFCE57 /* Index.storyboard in Resources */,
				D8225DD31B21524900102B9A /* Images.xcassets in Resources */,
				D874CCF91B2EC50700CFCE57 /* BDBNoticeTableViewCell.xib in Resources */,
				D813EDE71B2FF49E00606D60 /* Feature.storyboard in Resources */,
				18446C191B413BB90040AF01 /* Subject.storyboard in Resources */,
				D874CD051B2EC79C00CFCE57 /* User.storyboard in Resources */,
			);
			runOnlyForDeploymentPostprocessing = 0;
		};
		D8225DD91B21524900102B9A /* Resources */ = {
			isa = PBXResourcesBuildPhase;
			buildActionMask = 2147483647;
			files = (
			);
			runOnlyForDeploymentPostprocessing = 0;
		};
/* End PBXResourcesBuildPhase section */

/* Begin PBXSourcesBuildPhase section */
		D8225DBE1B21524900102B9A /* Sources */ = {
			isa = PBXSourcesBuildPhase;
			buildActionMask = 2147483647;
			files = (
				D81FB36D1B3CF6320063AFC6 /* NSObject+MJCoding.m in Sources */,
				D81FB36E1B3CF6320063AFC6 /* NSObject+MJKeyValue.m in Sources */,
				D8745BBB1B22D1360099D4EA /* UIImage+GIF.m in Sources */,
				D81FB3491B3CF5CA0063AFC6 /* MJRefreshAutoGifFooter.m in Sources */,
				D81FB3691B3CF6320063AFC6 /* MJConst.m in Sources */,
				D874CC851B2E6C5800CFCE57 /* UITableView+FDTemplateLayoutCell.m in Sources */,
				D8745B8C1B22D12C0099D4EA /* AFURLRequestSerialization.m in Sources */,
				D8745BB91B22D1360099D4EA /* SDWebImagePrefetcher.m in Sources */,
				D8745B8B1B22D12C0099D4EA /* AFURLConnectionOperation.m in Sources */,
				D8745B8A1B22D12C0099D4EA /* AFSecurityPolicy.m in Sources */,
				D8745BB21B22D1360099D4EA /* NSData+ImageContentType.m in Sources */,
				D81FB3501B3CF5CA0063AFC6 /* MJRefreshNormalHeader.m in Sources */,
				D874CD011B2EC68C00CFCE57 /* BDBDiscoveryViewController.m in Sources */,
				D81FB3461B3CF5CA0063AFC6 /* MJRefreshComponent.m in Sources */,
				18446C291B413C6D0040AF01 /* BDBButtonForSift.m in Sources */,
				D8745B861B22D12C0099D4EA /* AFHTTPRequestOperation.m in Sources */,
				D81FB3451B3CF5CA0063AFC6 /* MJRefreshBackFooter.m in Sources */,
				D8745C801B2434C30099D4EA /* UIButton+Extensions.m in Sources */,
				D8533E5F1B3E46A10086EFEA /* BDBNoticeDetailViewController.m in Sources */,
				D81FB34C1B3CF5CA0063AFC6 /* MJRefreshBackGifFooter.m in Sources */,
				D8745B8E1B22D12C0099D4EA /* AFURLSessionManager.m in Sources */,
				D8745BBA1B22D1360099D4EA /* UIButton+WebCache.m in Sources */,
				D8745BB71B22D1360099D4EA /* SDWebImageDownloaderOperation.m in Sources */,
				18446C2F1B413C6D0040AF01 /* BDBButtonForTopView.m in Sources */,
				D8745BCD1B22DD710099D4EA /* BDBBaseViewController.m in Sources */,
				D8745BB11B22D1360099D4EA /* MKAnnotationView+WebCache.m in Sources */,
				D81FB3701B3CF6320063AFC6 /* NSString+MJExtension.m in Sources */,
				D8745BB41B22D1360099D4EA /* SDWebImageCompat.m in Sources */,
				D81FB34E1B3CF5CA0063AFC6 /* MJRefreshBackStateFooter.m in Sources */,
				D8745B8D1B22D12C0099D4EA /* AFURLResponseSerialization.m in Sources */,
				18446C361B413C860040AF01 /* BDBSiftButtonInfoModel.m in Sources */,
				D8745BBC1B22D1360099D4EA /* UIImage+MultiFormat.m in Sources */,
				D81FB3441B3CF5CA0063AFC6 /* MJRefreshAutoFooter.m in Sources */,
				D8745BBF1B22D1360099D4EA /* UIImageView+WebCache.m in Sources */,
				D81FB37A1B3CF96C0063AFC6 /* BDBNoticeModel.m in Sources */,
				D8225DED1B216CE900102B9A /* AppDelegate.m in Sources */,
				18446C371B413C860040AF01 /* BDBSujectRespondModel.m in Sources */,
				D81FB34D1B3CF5CA0063AFC6 /* MJRefreshBackNormalFooter.m in Sources */,
				D8745BC01B22D1360099D4EA /* UIView+WebCacheOperation.m in Sources */,
				D8745B881B22D12C0099D4EA /* AFHTTPSessionManager.m in Sources */,
				D8745B871B22D12C0099D4EA /* AFHTTPRequestOperationManager.m in Sources */,
				D81FB3561B3CF5CA0063AFC6 /* UIView+MJExtension.m in Sources */,
				D81FB36A1B3CF6320063AFC6 /* MJFoundation.m in Sources */,
				D81FB34F1B3CF5CA0063AFC6 /* MJRefreshGifHeader.m in Sources */,
				D81FB36F1B3CF6320063AFC6 /* NSObject+MJProperty.m in Sources */,
				D8745C7A1B24272E0099D4EA /* ZXLNavigationController.m in Sources */,
				D81FB3551B3CF5CA0063AFC6 /* UIScrollView+MJRefresh.m in Sources */,
				D8745BB61B22D1360099D4EA /* SDWebImageDownloader.m in Sources */,
				D8745BBE1B22D1360099D4EA /* UIImageView+HighlightedWebCache.m in Sources */,
				D80895B11B25C2E500A7B1A4 /* FLAnimatedImageView.m in Sources */,
				18446C2E1B413C6D0040AF01 /* MOProgressView.m in Sources */,
				D874CCEA1B2EC37700CFCE57 /* BDBNoticeViewController.m in Sources */,
				D81FB34B1B3CF5CA0063AFC6 /* MJRefreshAutoStateFooter.m in Sources */,
				D81FB36B1B3CF6320063AFC6 /* MJProperty.m in Sources */,
				D8745BB51B22D1360099D4EA /* SDWebImageDecoder.m in Sources */,
				D8745BC41B22D1F20099D4EA /* UIView+Extensions.m in Sources */,
				D874CCF81B2EC50700CFCE57 /* BDBNoticeTableViewCell.m in Sources */,
				D8745C871B244BD90099D4EA /* ZXLNavigationBar.m in Sources */,
				D874CCED1B2EC37700CFCE57 /* BDBWarningViewController.m in Sources */,
				D81FB3801B3D36470063AFC6 /* BDBTableViewRefreshFooter.m in Sources */,
				18446C2A1B413C6D0040AF01 /* BDBTableViewCell_Sift.m in Sources */,
				D81FB3531B3CF5CA0063AFC6 /* MJRefreshConst.m in Sources */,
				D81FB36C1B3CF6320063AFC6 /* MJType.m in Sources */,
				D8745BBD1B22D1360099D4EA /* UIImage+WebP.m in Sources */,
				D874CCE91B2EC37700CFCE57 /* BDBIndexViewController.m in Sources */,
				D8745BB81B22D1360099D4EA /* SDWebImageManager.m in Sources */,
				D81FB3741B3CF7BA0063AFC6 /* BDBNoticeResponseModel.m in Sources */,
				D813EDE31B2FC3E400606D60 /* BDBFeatureViewController.m in Sources */,
				D8745B891B22D12C0099D4EA /* AFNetworkReachabilityManager.m in Sources */,
				D81FB3541B3CF5CA0063AFC6 /* UIScrollView+MJExtension.m in Sources */,
				D8225DC81B21524900102B9A /* main.m in Sources */,
				D80895B01B25C2E500A7B1A4 /* FLAnimatedImage.m in Sources */,
				D81FB37D1B3D2E590063AFC6 /* BDBTableViewRefreshHeader.m in Sources */,
				18446C381B413C860040AF01 /* BDBSujectModel.m in Sources */,
				D81FB34A1B3CF5CA0063AFC6 /* MJRefreshAutoNormalFooter.m in Sources */,
				D8533E681B3E8AE30086EFEA /* BDBIndexTableViewHeader.m in Sources */,
				D859C47B1B33CBF1009EFDE0 /* ZXLLoadDataIndicatePage.m in Sources */,
				18446C2C1B413C6D0040AF01 /* BDBTableViewCell.m in Sources */,
				18446C1C1B413C2E0040AF01 /* BDBSubjectViewController.m in Sources */,
				D81FB3481B3CF5CA0063AFC6 /* MJRefreshHeader.m in Sources */,
				D81FB3511B3CF5CA0063AFC6 /* MJRefreshStateHeader.m in Sources */,
				D8745C7D1B242F9F0099D4EA /* UIBarButtonItem+Extensions.m in Sources */,
				D874CC941B2EA8F100CFCE57 /* GlobalConfigurations.m in Sources */,
				D8745BB31B22D1360099D4EA /* SDImageCache.m in Sources */,
				D81FB3471B3CF5CA0063AFC6 /* MJRefreshFooter.m in Sources */,
			);
			runOnlyForDeploymentPostprocessing = 0;
		};
		D8225DD71B21524900102B9A /* Sources */ = {
			isa = PBXSourcesBuildPhase;
			buildActionMask = 2147483647;
			files = (
				D8225DE21B21524900102B9A /* BiDaiBao_____Tests.m in Sources */,
			);
			runOnlyForDeploymentPostprocessing = 0;
		};
/* End PBXSourcesBuildPhase section */

/* Begin PBXTargetDependency section */
		D8225DDD1B21524900102B9A /* PBXTargetDependency */ = {
			isa = PBXTargetDependency;
			target = D8225DC11B21524900102B9A /* BiDaiBao(比贷宝) */;
			targetProxy = D8225DDC1B21524900102B9A /* PBXContainerItemProxy */;
		};
/* End PBXTargetDependency section */

/* Begin XCBuildConfiguration section */
		D8225DE31B21524900102B9A /* Debug */ = {
			isa = XCBuildConfiguration;
			buildSettings = {
				ALWAYS_SEARCH_USER_PATHS = NO;
				CLANG_CXX_LANGUAGE_STANDARD = "gnu++0x";
				CLANG_CXX_LIBRARY = "libc++";
				CLANG_ENABLE_MODULES = YES;
				CLANG_ENABLE_OBJC_ARC = YES;
				CLANG_WARN_BOOL_CONVERSION = YES;
				CLANG_WARN_CONSTANT_CONVERSION = YES;
				CLANG_WARN_DIRECT_OBJC_ISA_USAGE = YES_ERROR;
				CLANG_WARN_EMPTY_BODY = YES;
				CLANG_WARN_ENUM_CONVERSION = YES;
				CLANG_WARN_INT_CONVERSION = YES;
				CLANG_WARN_OBJC_ROOT_CLASS = YES_ERROR;
				CLANG_WARN_UNREACHABLE_CODE = YES;
				CLANG_WARN__DUPLICATE_METHOD_MATCH = YES;
				"CODE_SIGN_IDENTITY[sdk=iphoneos*]" = "iPhone Developer";
				COPY_PHASE_STRIP = NO;
				ENABLE_STRICT_OBJC_MSGSEND = YES;
				GCC_C_LANGUAGE_STANDARD = gnu99;
				GCC_DYNAMIC_NO_PIC = NO;
				GCC_OPTIMIZATION_LEVEL = 0;
				GCC_PREPROCESSOR_DEFINITIONS = (
					"DEBUG=1",
					"$(inherited)",
				);
				GCC_SYMBOLS_PRIVATE_EXTERN = NO;
				GCC_WARN_64_TO_32_BIT_CONVERSION = YES;
				GCC_WARN_ABOUT_RETURN_TYPE = YES_ERROR;
				GCC_WARN_UNDECLARED_SELECTOR = YES;
				GCC_WARN_UNINITIALIZED_AUTOS = YES_AGGRESSIVE;
				GCC_WARN_UNUSED_FUNCTION = YES;
				GCC_WARN_UNUSED_VARIABLE = YES;
				IPHONEOS_DEPLOYMENT_TARGET = 8.1;
				MTL_ENABLE_DEBUG_INFO = YES;
				ONLY_ACTIVE_ARCH = YES;
				SDKROOT = iphoneos;
			};
			name = Debug;
		};
		D8225DE41B21524900102B9A /* Release */ = {
			isa = XCBuildConfiguration;
			buildSettings = {
				ALWAYS_SEARCH_USER_PATHS = NO;
				CLANG_CXX_LANGUAGE_STANDARD = "gnu++0x";
				CLANG_CXX_LIBRARY = "libc++";
				CLANG_ENABLE_MODULES = YES;
				CLANG_ENABLE_OBJC_ARC = YES;
				CLANG_WARN_BOOL_CONVERSION = YES;
				CLANG_WARN_CONSTANT_CONVERSION = YES;
				CLANG_WARN_DIRECT_OBJC_ISA_USAGE = YES_ERROR;
				CLANG_WARN_EMPTY_BODY = YES;
				CLANG_WARN_ENUM_CONVERSION = YES;
				CLANG_WARN_INT_CONVERSION = YES;
				CLANG_WARN_OBJC_ROOT_CLASS = YES_ERROR;
				CLANG_WARN_UNREACHABLE_CODE = YES;
				CLANG_WARN__DUPLICATE_METHOD_MATCH = YES;
				"CODE_SIGN_IDENTITY[sdk=iphoneos*]" = "iPhone Developer";
				COPY_PHASE_STRIP = YES;
				ENABLE_NS_ASSERTIONS = NO;
				ENABLE_STRICT_OBJC_MSGSEND = YES;
				GCC_C_LANGUAGE_STANDARD = gnu99;
				GCC_WARN_64_TO_32_BIT_CONVERSION = YES;
				GCC_WARN_ABOUT_RETURN_TYPE = YES_ERROR;
				GCC_WARN_UNDECLARED_SELECTOR = YES;
				GCC_WARN_UNINITIALIZED_AUTOS = YES_AGGRESSIVE;
				GCC_WARN_UNUSED_FUNCTION = YES;
				GCC_WARN_UNUSED_VARIABLE = YES;
				IPHONEOS_DEPLOYMENT_TARGET = 8.1;
				MTL_ENABLE_DEBUG_INFO = NO;
				SDKROOT = iphoneos;
				VALIDATE_PRODUCT = YES;
			};
			name = Release;
		};
		D8225DE61B21524900102B9A /* Debug */ = {
			isa = XCBuildConfiguration;
			buildSettings = {
				ASSETCATALOG_COMPILER_APPICON_NAME = AppIcon;
				ASSETCATALOG_COMPILER_LAUNCHIMAGE_NAME = LaunchImage;
				GCC_PRECOMPILE_PREFIX_HEADER = YES;
				GCC_PREFIX_HEADER = "$(SRCROOT)/BiDaiBao(比贷宝)/BiDaiBao-Prefix.pch";
				INFOPLIST_FILE = "BiDaiBao(比贷宝)/Info.plist";
				IPHONEOS_DEPLOYMENT_TARGET = 7.0;
				LD_RUNPATH_SEARCH_PATHS = "$(inherited) @executable_path/Frameworks";
				PRODUCT_NAME = "$(TARGET_NAME)";
			};
			name = Debug;
		};
		D8225DE71B21524900102B9A /* Release */ = {
			isa = XCBuildConfiguration;
			buildSettings = {
				ASSETCATALOG_COMPILER_APPICON_NAME = AppIcon;
				ASSETCATALOG_COMPILER_LAUNCHIMAGE_NAME = LaunchImage;
				GCC_PRECOMPILE_PREFIX_HEADER = YES;
				GCC_PREFIX_HEADER = "$(SRCROOT)/BiDaiBao(比贷宝)/BiDaiBao-Prefix.pch";
				INFOPLIST_FILE = "BiDaiBao(比贷宝)/Info.plist";
				IPHONEOS_DEPLOYMENT_TARGET = 7.0;
				LD_RUNPATH_SEARCH_PATHS = "$(inherited) @executable_path/Frameworks";
				PRODUCT_NAME = "$(TARGET_NAME)";
			};
			name = Release;
		};
		D8225DE91B21524900102B9A /* Debug */ = {
			isa = XCBuildConfiguration;
			buildSettings = {
				BUNDLE_LOADER = "$(TEST_HOST)";
				FRAMEWORK_SEARCH_PATHS = (
					"$(SDKROOT)/Developer/Library/Frameworks",
					"$(inherited)",
				);
				GCC_PREPROCESSOR_DEFINITIONS = (
					"DEBUG=1",
					"$(inherited)",
				);
				INFOPLIST_FILE = "BiDaiBao(比贷宝)Tests/Info.plist";
				LD_RUNPATH_SEARCH_PATHS = "$(inherited) @executable_path/Frameworks @loader_path/Frameworks";
				PRODUCT_NAME = "$(TARGET_NAME)";
				TEST_HOST = "$(BUILT_PRODUCTS_DIR)/BiDaiBao(比贷宝).app/BiDaiBao(比贷宝)";
			};
			name = Debug;
		};
		D8225DEA1B21524900102B9A /* Release */ = {
			isa = XCBuildConfiguration;
			buildSettings = {
				BUNDLE_LOADER = "$(TEST_HOST)";
				FRAMEWORK_SEARCH_PATHS = (
					"$(SDKROOT)/Developer/Library/Frameworks",
					"$(inherited)",
				);
				INFOPLIST_FILE = "BiDaiBao(比贷宝)Tests/Info.plist";
				LD_RUNPATH_SEARCH_PATHS = "$(inherited) @executable_path/Frameworks @loader_path/Frameworks";
				PRODUCT_NAME = "$(TARGET_NAME)";
				TEST_HOST = "$(BUILT_PRODUCTS_DIR)/BiDaiBao(比贷宝).app/BiDaiBao(比贷宝)";
			};
			name = Release;
		};
/* End XCBuildConfiguration section */

/* Begin XCConfigurationList section */
		D8225DBD1B21524900102B9A /* Build configuration list for PBXProject "BiDaiBao(比贷宝)" */ = {
			isa = XCConfigurationList;
			buildConfigurations = (
				D8225DE31B21524900102B9A /* Debug */,
				D8225DE41B21524900102B9A /* Release */,
			);
			defaultConfigurationIsVisible = 0;
			defaultConfigurationName = Release;
		};
		D8225DE51B21524900102B9A /* Build configuration list for PBXNativeTarget "BiDaiBao(比贷宝)" */ = {
			isa = XCConfigurationList;
			buildConfigurations = (
				D8225DE61B21524900102B9A /* Debug */,
				D8225DE71B21524900102B9A /* Release */,
			);
			defaultConfigurationIsVisible = 0;
			defaultConfigurationName = Release;
		};
		D8225DE81B21524900102B9A /* Build configuration list for PBXNativeTarget "BiDaiBao(比贷宝)Tests" */ = {
			isa = XCConfigurationList;
			buildConfigurations = (
				D8225DE91B21524900102B9A /* Debug */,
				D8225DEA1B21524900102B9A /* Release */,
			);
			defaultConfigurationIsVisible = 0;
			defaultConfigurationName = Release;
		};
/* End XCConfigurationList section */
	};
	rootObject = D8225DBA1B21524900102B9A /* Project object */;
}
